// !$*UTF8*$!
{
	archiveVersion = 1;
	classes = {
	};
	objectVersion = 50;
	objects = {

/* Begin PBXBuildFile section */
		B4B4A6EB238ED017000CBE8C /* main.c in Sources */ = {isa = PBXBuildFile; fileRef = B4B4A6EA238ED017000CBE8C /* main.c */; };
		B4B4A7702397F576000CBE8C /* main.c in Sources */ = {isa = PBXBuildFile; fileRef = B4B4A76F2397F576000CBE8C /* main.c */; };
		B4B4A77B2399406F000CBE8C /* main.c in Sources */ = {isa = PBXBuildFile; fileRef = B4B4A77A2399406F000CBE8C /* main.c */; };
		B4B4A786239940A4000CBE8C /* main.c in Sources */ = {isa = PBXBuildFile; fileRef = B4B4A785239940A4000CBE8C /* main.c */; };
		B4B4A791239940EB000CBE8C /* main.c in Sources */ = {isa = PBXBuildFile; fileRef = B4B4A790239940EB000CBE8C /* main.c */; };
		B4B4A79C2399411A000CBE8C /* main.c in Sources */ = {isa = PBXBuildFile; fileRef = B4B4A79B2399411A000CBE8C /* main.c */; };
		B4B4A7A723994860000CBE8C /* main.c in Sources */ = {isa = PBXBuildFile; fileRef = B4B4A7A623994860000CBE8C /* main.c */; };
/* End PBXBuildFile section */

/* Begin PBXCopyFilesBuildPhase section */
		B4B4A6E5238ED017000CBE8C /* CopyFiles */ = {
			isa = PBXCopyFilesBuildPhase;
			buildActionMask = 2147483647;
			dstPath = /usr/share/man/man1/;
			dstSubfolderSpec = 0;
			files = (
			);
			runOnlyForDeploymentPostprocessing = 1;
		};
		B4B4A76B2397F576000CBE8C /* CopyFiles */ = {
			isa = PBXCopyFilesBuildPhase;
			buildActionMask = 2147483647;
			dstPath = /usr/share/man/man1/;
			dstSubfolderSpec = 0;
			files = (
			);
			runOnlyForDeploymentPostprocessing = 1;
		};
		B4B4A7762399406F000CBE8C /* CopyFiles */ = {
			isa = PBXCopyFilesBuildPhase;
			buildActionMask = 2147483647;
			dstPath = /usr/share/man/man1/;
			dstSubfolderSpec = 0;
			files = (
			);
			runOnlyForDeploymentPostprocessing = 1;
		};
		B4B4A781239940A4000CBE8C /* CopyFiles */ = {
			isa = PBXCopyFilesBuildPhase;
			buildActionMask = 2147483647;
			dstPath = /usr/share/man/man1/;
			dstSubfolderSpec = 0;
			files = (
			);
			runOnlyForDeploymentPostprocessing = 1;
		};
		B4B4A78C239940EB000CBE8C /* CopyFiles */ = {
			isa = PBXCopyFilesBuildPhase;
			buildActionMask = 2147483647;
			dstPath = /usr/share/man/man1/;
			dstSubfolderSpec = 0;
			files = (
			);
			runOnlyForDeploymentPostprocessing = 1;
		};
		B4B4A7972399411A000CBE8C /* CopyFiles */ = {
			isa = PBXCopyFilesBuildPhase;
			buildActionMask = 2147483647;
			dstPath = /usr/share/man/man1/;
			dstSubfolderSpec = 0;
			files = (
			);
			runOnlyForDeploymentPostprocessing = 1;
		};
		B4B4A7A223994860000CBE8C /* CopyFiles */ = {
			isa = PBXCopyFilesBuildPhase;
			buildActionMask = 2147483647;
			dstPath = /usr/share/man/man1/;
			dstSubfolderSpec = 0;
			files = (
			);
			runOnlyForDeploymentPostprocessing = 1;
		};
/* End PBXCopyFilesBuildPhase section */

/* Begin PBXFileReference section */
		B4B4A6E7238ED017000CBE8C /* day8 */ = {isa = PBXFileReference; explicitFileType = "compiled.mach-o.executable"; includeInIndex = 0; path = day8; sourceTree = BUILT_PRODUCTS_DIR; };
		B4B4A6EA238ED017000CBE8C /* main.c */ = {isa = PBXFileReference; lastKnownFileType = sourcecode.c.c; path = main.c; sourceTree = "<group>"; };
		B4B4A76D2397F576000CBE8C /* 9指针基本概念 */ = {isa = PBXFileReference; explicitFileType = "compiled.mach-o.executable"; includeInIndex = 0; path = "9指针基本概念"; sourceTree = BUILT_PRODUCTS_DIR; };
		B4B4A76F2397F576000CBE8C /* main.c */ = {isa = PBXFileReference; lastKnownFileType = sourcecode.c.c; path = main.c; sourceTree = "<group>"; };
		B4B4A7782399406F000CBE8C /* 10指针练习1 */ = {isa = PBXFileReference; explicitFileType = "compiled.mach-o.executable"; includeInIndex = 0; path = "10指针练习1"; sourceTree = BUILT_PRODUCTS_DIR; };
		B4B4A77A2399406F000CBE8C /* main.c */ = {isa = PBXFileReference; lastKnownFileType = sourcecode.c.c; path = main.c; sourceTree = "<group>"; };
		B4B4A783239940A4000CBE8C /* 11指针练习2 */ = {isa = PBXFileReference; explicitFileType = "compiled.mach-o.executable"; includeInIndex = 0; path = "11指针练习2"; sourceTree = BUILT_PRODUCTS_DIR; };
		B4B4A785239940A4000CBE8C /* main.c */ = {isa = PBXFileReference; lastKnownFileType = sourcecode.c.c; path = main.c; sourceTree = "<group>"; };
		B4B4A78E239940EB000CBE8C /* 12指针的注意点 */ = {isa = PBXFileReference; explicitFileType = "compiled.mach-o.executable"; includeInIndex = 0; path = "12指针的注意点"; sourceTree = BUILT_PRODUCTS_DIR; };
		B4B4A790239940EB000CBE8C /* main.c */ = {isa = PBXFileReference; lastKnownFileType = sourcecode.c.c; path = main.c; sourceTree = "<group>"; };
		B4B4A7992399411A000CBE8C /* 13多级指针 */ = {isa = PBXFileReference; explicitFileType = "compiled.mach-o.executable"; includeInIndex = 0; path = "13多级指针"; sourceTree = BUILT_PRODUCTS_DIR; };
		B4B4A79B2399411A000CBE8C /* main.c */ = {isa = PBXFileReference; lastKnownFileType = sourcecode.c.c; path = main.c; sourceTree = "<group>"; };
		B4B4A7A423994860000CBE8C /* 14指针为什么要分类型 */ = {isa = PBXFileReference; explicitFileType = "compiled.mach-o.executable"; includeInIndex = 0; path = "14指针为什么要分类型"; sourceTree = BUILT_PRODUCTS_DIR; };
		B4B4A7A623994860000CBE8C /* main.c */ = {isa = PBXFileReference; lastKnownFileType = sourcecode.c.c; path = main.c; sourceTree = "<group>"; };
/* End PBXFileReference section */

/* Begin PBXFrameworksBuildPhase section */
		B4B4A6E4238ED017000CBE8C /* Frameworks */ = {
			isa = PBXFrameworksBuildPhase;
			buildActionMask = 2147483647;
			files = (
			);
			runOnlyForDeploymentPostprocessing = 0;
		};
		B4B4A76A2397F576000CBE8C /* Frameworks */ = {
			isa = PBXFrameworksBuildPhase;
			buildActionMask = 2147483647;
			files = (
			);
			runOnlyForDeploymentPostprocessing = 0;
		};
		B4B4A7752399406F000CBE8C /* Frameworks */ = {
			isa = PBXFrameworksBuildPhase;
			buildActionMask = 2147483647;
			files = (
			);
			runOnlyForDeploymentPostprocessing = 0;
		};
		B4B4A780239940A4000CBE8C /* Frameworks */ = {
			isa = PBXFrameworksBuildPhase;
			buildActionMask = 2147483647;
			files = (
			);
			runOnlyForDeploymentPostprocessing = 0;
		};
		B4B4A78B239940EB000CBE8C /* Frameworks */ = {
			isa = PBXFrameworksBuildPhase;
			buildActionMask = 2147483647;
			files = (
			);
			runOnlyForDeploymentPostprocessing = 0;
		};
		B4B4A7962399411A000CBE8C /* Frameworks */ = {
			isa = PBXFrameworksBuildPhase;
			buildActionMask = 2147483647;
			files = (
			);
			runOnlyForDeploymentPostprocessing = 0;
		};
		B4B4A7A123994860000CBE8C /* Frameworks */ = {
			isa = PBXFrameworksBuildPhase;
			buildActionMask = 2147483647;
			files = (
			);
			runOnlyForDeploymentPostprocessing = 0;
		};
/* End PBXFrameworksBuildPhase section */

/* Begin PBXGroup section */
		B4B4A6DE238ED017000CBE8C = {
			isa = PBXGroup;
			children = (
				B4B4A6E9238ED017000CBE8C /* day8 */,
				B4B4A76E2397F576000CBE8C /* 9指针基本概念 */,
				B4B4A7792399406F000CBE8C /* 10指针练习1 */,
				B4B4A784239940A4000CBE8C /* 11指针练习2 */,
				B4B4A78F239940EB000CBE8C /* 12指针的注意点 */,
				B4B4A79A2399411A000CBE8C /* 13多级指针 */,
				B4B4A7A523994860000CBE8C /* 14指针为什么要分类型 */,
				B4B4A6E8238ED017000CBE8C /* Products */,
			);
			sourceTree = "<group>";
		};
		B4B4A6E8238ED017000CBE8C /* Products */ = {
			isa = PBXGroup;
			children = (
				B4B4A6E7238ED017000CBE8C /* day8 */,
				B4B4A76D2397F576000CBE8C /* 9指针基本概念 */,
				B4B4A7782399406F000CBE8C /* 10指针练习1 */,
				B4B4A783239940A4000CBE8C /* 11指针练习2 */,
				B4B4A78E239940EB000CBE8C /* 12指针的注意点 */,
				B4B4A7992399411A000CBE8C /* 13多级指针 */,
				B4B4A7A423994860000CBE8C /* 14指针为什么要分类型 */,
			);
			name = Products;
			sourceTree = "<group>";
		};
		B4B4A6E9238ED017000CBE8C /* day8 */ = {
			isa = PBXGroup;
			children = (
				B4B4A6EA238ED017000CBE8C /* main.c */,
			);
			path = day8;
			sourceTree = "<group>";
		};
		B4B4A76E2397F576000CBE8C /* 9指针基本概念 */ = {
			isa = PBXGroup;
			children = (
				B4B4A76F2397F576000CBE8C /* main.c */,
			);
			path = "9指针基本概念";
			sourceTree = "<group>";
		};
		B4B4A7792399406F000CBE8C /* 10指针练习1 */ = {
			isa = PBXGroup;
			children = (
				B4B4A77A2399406F000CBE8C /* main.c */,
			);
			path = "10指针练习1";
			sourceTree = "<group>";
		};
		B4B4A784239940A4000CBE8C /* 11指针练习2 */ = {
			isa = PBXGroup;
			children = (
				B4B4A785239940A4000CBE8C /* main.c */,
			);
			path = "11指针练习2";
			sourceTree = "<group>";
		};
		B4B4A78F239940EB000CBE8C /* 12指针的注意点 */ = {
			isa = PBXGroup;
			children = (
				B4B4A790239940EB000CBE8C /* main.c */,
			);
			path = "12指针的注意点";
			sourceTree = "<group>";
		};
		B4B4A79A2399411A000CBE8C /* 13多级指针 */ = {
			isa = PBXGroup;
			children = (
				B4B4A79B2399411A000CBE8C /* main.c */,
			);
			path = "13多级指针";
			sourceTree = "<group>";
		};
		B4B4A7A523994860000CBE8C /* 14指针为什么要分类型 */ = {
			isa = PBXGroup;
			children = (
				B4B4A7A623994860000CBE8C /* main.c */,
			);
			path = "14指针为什么要分类型";
			sourceTree = "<group>";
		};
/* End PBXGroup section */

/* Begin PBXNativeTarget section */
		B4B4A6E6238ED017000CBE8C /* day8 */ = {
			isa = PBXNativeTarget;
			buildConfigurationList = B4B4A6EE238ED017000CBE8C /* Build configuration list for PBXNativeTarget "day8" */;
			buildPhases = (
				B4B4A6E3238ED017000CBE8C /* Sources */,
				B4B4A6E4238ED017000CBE8C /* Frameworks */,
				B4B4A6E5238ED017000CBE8C /* CopyFiles */,
			);
			buildRules = (
			);
			dependencies = (
			);
			name = day8;
			productName = day8;
			productReference = B4B4A6E7238ED017000CBE8C /* day8 */;
			productType = "com.apple.product-type.tool";
		};
		B4B4A76C2397F576000CBE8C /* 9指针基本概念 */ = {
			isa = PBXNativeTarget;
			buildConfigurationList = B4B4A7712397F576000CBE8C /* Build configuration list for PBXNativeTarget "9指针基本概念" */;
			buildPhases = (
				B4B4A7692397F576000CBE8C /* Sources */,
				B4B4A76A2397F576000CBE8C /* Frameworks */,
				B4B4A76B2397F576000CBE8C /* CopyFiles */,
			);
			buildRules = (
			);
			dependencies = (
			);
			name = "9指针基本概念";
			productName = "9指针基本概念";
			productReference = B4B4A76D2397F576000CBE8C /* 9指针基本概念 */;
			productType = "com.apple.product-type.tool";
		};
		B4B4A7772399406F000CBE8C /* 10指针练习1 */ = {
			isa = PBXNativeTarget;
			buildConfigurationList = B4B4A77E2399406F000CBE8C /* Build configuration list for PBXNativeTarget "10指针练习1" */;
			buildPhases = (
				B4B4A7742399406F000CBE8C /* Sources */,
				B4B4A7752399406F000CBE8C /* Frameworks */,
				B4B4A7762399406F000CBE8C /* CopyFiles */,
			);
			buildRules = (
			);
			dependencies = (
			);
			name = "10指针练习1";
			productName = "10指针练习1";
			productReference = B4B4A7782399406F000CBE8C /* 10指针练习1 */;
			productType = "com.apple.product-type.tool";
		};
		B4B4A782239940A4000CBE8C /* 11指针练习2 */ = {
			isa = PBXNativeTarget;
			buildConfigurationList = B4B4A787239940A4000CBE8C /* Build configuration list for PBXNativeTarget "11指针练习2" */;
			buildPhases = (
				B4B4A77F239940A4000CBE8C /* Sources */,
				B4B4A780239940A4000CBE8C /* Frameworks */,
				B4B4A781239940A4000CBE8C /* CopyFiles */,
			);
			buildRules = (
			);
			dependencies = (
			);
			name = "11指针练习2";
			productName = "11指针练习2";
			productReference = B4B4A783239940A4000CBE8C /* 11指针练习2 */;
			productType = "com.apple.product-type.tool";
		};
		B4B4A78D239940EB000CBE8C /* 12指针的注意点 */ = {
			isa = PBXNativeTarget;
			buildConfigurationList = B4B4A792239940EB000CBE8C /* Build configuration list for PBXNativeTarget "12指针的注意点" */;
			buildPhases = (
				B4B4A78A239940EB000CBE8C /* Sources */,
				B4B4A78B239940EB000CBE8C /* Frameworks */,
				B4B4A78C239940EB000CBE8C /* CopyFiles */,
			);
			buildRules = (
			);
			dependencies = (
			);
			name = "12指针的注意点";
			productName = "12指针的注意点";
			productReference = B4B4A78E239940EB000CBE8C /* 12指针的注意点 */;
			productType = "com.apple.product-type.tool";
		};
		B4B4A7982399411A000CBE8C /* 13多级指针 */ = {
			isa = PBXNativeTarget;
			buildConfigurationList = B4B4A79D2399411A000CBE8C /* Build configuration list for PBXNativeTarget "13多级指针" */;
			buildPhases = (
				B4B4A7952399411A000CBE8C /* Sources */,
				B4B4A7962399411A000CBE8C /* Frameworks */,
				B4B4A7972399411A000CBE8C /* CopyFiles */,
			);
			buildRules = (
			);
			dependencies = (
			);
			name = "13多级指针";
			productName = "13多级指针";
			productReference = B4B4A7992399411A000CBE8C /* 13多级指针 */;
			productType = "com.apple.product-type.tool";
		};
		B4B4A7A323994860000CBE8C /* 14指针为什么要分类型 */ = {
			isa = PBXNativeTarget;
			buildConfigurationList = B4B4A7A823994860000CBE8C /* Build configuration list for PBXNativeTarget "14指针为什么要分类型" */;
			buildPhases = (
				B4B4A7A023994860000CBE8C /* Sources */,
				B4B4A7A123994860000CBE8C /* Frameworks */,
				B4B4A7A223994860000CBE8C /* CopyFiles */,
			);
			buildRules = (
			);
			dependencies = (
			);
			name = "14指针为什么要分类型";
			productName = "14指针为什么要分类型";
			productReference = B4B4A7A423994860000CBE8C /* 14指针为什么要分类型 */;
			productType = "com.apple.product-type.tool";
		};
/* End PBXNativeTarget section */

/* Begin PBXProject section */
		B4B4A6DF238ED017000CBE8C /* Project object */ = {
			isa = PBXProject;
			attributes = {
				LastUpgradeCheck = 1120;
				ORGANIZATIONNAME = "Shannon MYang";
				TargetAttributes = {
					B4B4A6E6238ED017000CBE8C = {
						CreatedOnToolsVersion = 11.2.1;
					};
					B4B4A76C2397F576000CBE8C = {
						CreatedOnToolsVersion = 11.2.1;
					};
					B4B4A7772399406F000CBE8C = {
						CreatedOnToolsVersion = 11.2.1;
					};
					B4B4A782239940A4000CBE8C = {
						CreatedOnToolsVersion = 11.2.1;
					};
					B4B4A78D239940EB000CBE8C = {
						CreatedOnToolsVersion = 11.2.1;
					};
					B4B4A7982399411A000CBE8C = {
						CreatedOnToolsVersion = 11.2.1;
					};
					B4B4A7A323994860000CBE8C = {
						CreatedOnToolsVersion = 11.2.1;
					};
				};
			};
			buildConfigurationList = B4B4A6E2238ED017000CBE8C /* Build configuration list for PBXProject "day8" */;
			compatibilityVersion = "Xcode 9.3";
			developmentRegion = en;
			hasScannedForEncodings = 0;
			knownRegions = (
				en,
				Base,
			);
			mainGroup = B4B4A6DE238ED017000CBE8C;
			productRefGroup = B4B4A6E8238ED017000CBE8C /* Products */;
			projectDirPath = "";
			projectRoot = "";
			targets = (
				B4B4A6E6238ED017000CBE8C /* day8 */,
				B4B4A76C2397F576000CBE8C /* 9指针基本概念 */,
				B4B4A7772399406F000CBE8C /* 10指针练习1 */,
				B4B4A782239940A4000CBE8C /* 11指针练习2 */,
				B4B4A78D239940EB000CBE8C /* 12指针的注意点 */,
				B4B4A7982399411A000CBE8C /* 13多级指针 */,
				B4B4A7A323994860000CBE8C /* 14指针为什么要分类型 */,
			);
		};
/* End PBXProject section */

/* Begin PBXSourcesBuildPhase section */
		B4B4A6E3238ED017000CBE8C /* Sources */ = {
			isa = PBXSourcesBuildPhase;
			buildActionMask = 2147483647;
			files = (
				B4B4A6EB238ED017000CBE8C /* main.c in Sources */,
			);
			runOnlyForDeploymentPostprocessing = 0;
		};
		B4B4A7692397F576000CBE8C /* Sources */ = {
			isa = PBXSourcesBuildPhase;
			buildActionMask = 2147483647;
			files = (
				B4B4A7702397F576000CBE8C /* main.c in Sources */,
			);
			runOnlyForDeploymentPostprocessing = 0;
		};
		B4B4A7742399406F000CBE8C /* Sources */ = {
			isa = PBXSourcesBuildPhase;
			buildActionMask = 2147483647;
			files = (
				B4B4A77B2399406F000CBE8C /* main.c in Sources */,
			);
			runOnlyForDeploymentPostprocessing = 0;
		};
		B4B4A77F239940A4000CBE8C /* Sources */ = {
			isa = PBXSourcesBuildPhase;
			buildActionMask = 2147483647;
			files = (
				B4B4A786239940A4000CBE8C /* main.c in Sources */,
			);
			runOnlyForDeploymentPostprocessing = 0;
		};
		B4B4A78A239940EB000CBE8C /* Sources */ = {
			isa = PBXSourcesBuildPhase;
			buildActionMask = 2147483647;
			files = (
				B4B4A791239940EB000CBE8C /* main.c in Sources */,
			);
			runOnlyForDeploymentPostprocessing = 0;
		};
		B4B4A7952399411A000CBE8C /* Sources */ = {
			isa = PBXSourcesBuildPhase;
			buildActionMask = 2147483647;
			files = (
				B4B4A79C2399411A000CBE8C /* main.c in Sources */,
			);
			runOnlyForDeploymentPostprocessing = 0;
		};
		B4B4A7A023994860000CBE8C /* Sources */ = {
			isa = PBXSourcesBuildPhase;
			buildActionMask = 2147483647;
			files = (
				B4B4A7A723994860000CBE8C /* main.c in Sources */,
			);
			runOnlyForDeploymentPostprocessing = 0;
		};
/* End PBXSourcesBuildPhase section */

/* Begin XCBuildConfiguration section */
		B4B4A6EC238ED017000CBE8C /* Debug */ = {
			isa = XCBuildConfiguration;
			buildSettings = {
				ALWAYS_SEARCH_USER_PATHS = NO;
				CLANG_ANALYZER_NONNULL = YES;
				CLANG_ANALYZER_NUMBER_OBJECT_CONVERSION = YES_AGGRESSIVE;
				CLANG_CXX_LANGUAGE_STANDARD = "gnu++14";
				CLANG_CXX_LIBRARY = "libc++";
				CLANG_ENABLE_MODULES = YES;
				CLANG_ENABLE_OBJC_ARC = YES;
				CLANG_ENABLE_OBJC_WEAK = YES;
				CLANG_WARN_BLOCK_CAPTURE_AUTORELEASING = YES;
				CLANG_WARN_BOOL_CONVERSION = YES;
				CLANG_WARN_COMMA = YES;
				CLANG_WARN_CONSTANT_CONVERSION = YES;
				CLANG_WARN_DEPRECATED_OBJC_IMPLEMENTATIONS = YES;
				CLANG_WARN_DIRECT_OBJC_ISA_USAGE = YES_ERROR;
				CLANG_WARN_DOCUMENTATION_COMMENTS = YES;
				CLANG_WARN_EMPTY_BODY = YES;
				CLANG_WARN_ENUM_CONVERSION = YES;
				CLANG_WARN_INFINITE_RECURSION = YES;
				CLANG_WARN_INT_CONVERSION = YES;
				CLANG_WARN_NON_LITERAL_NULL_CONVERSION = YES;
				CLANG_WARN_OBJC_IMPLICIT_RETAIN_SELF = YES;
				CLANG_WARN_OBJC_LITERAL_CONVERSION = YES;
				CLANG_WARN_OBJC_ROOT_CLASS = YES_ERROR;
				CLANG_WARN_RANGE_LOOP_ANALYSIS = YES;
				CLANG_WARN_STRICT_PROTOTYPES = YES;
				CLANG_WARN_SUSPICIOUS_MOVE = YES;
				CLANG_WARN_UNGUARDED_AVAILABILITY = YES_AGGRESSIVE;
				CLANG_WARN_UNREACHABLE_CODE = YES;
				CLANG_WARN__DUPLICATE_METHOD_MATCH = YES;
				COPY_PHASE_STRIP = NO;
				DEBUG_INFORMATION_FORMAT = dwarf;
				ENABLE_STRICT_OBJC_MSGSEND = YES;
				ENABLE_TESTABILITY = YES;
				GCC_C_LANGUAGE_STANDARD = gnu11;
				GCC_DYNAMIC_NO_PIC = NO;
				GCC_NO_COMMON_BLOCKS = YES;
				GCC_OPTIMIZATION_LEVEL = 0;
				GCC_PREPROCESSOR_DEFINITIONS = (
					"DEBUG=1",
					"$(inherited)",
				);
				GCC_WARN_64_TO_32_BIT_CONVERSION = YES;
				GCC_WARN_ABOUT_RETURN_TYPE = YES_ERROR;
				GCC_WARN_UNDECLARED_SELECTOR = YES;
				GCC_WARN_UNINITIALIZED_AUTOS = YES_AGGRESSIVE;
				GCC_WARN_UNUSED_FUNCTION = YES;
				GCC_WARN_UNUSED_VARIABLE = YES;
				MACOSX_DEPLOYMENT_TARGET = 10.15;
				MTL_ENABLE_DEBUG_INFO = INCLUDE_SOURCE;
				MTL_FAST_MATH = YES;
				ONLY_ACTIVE_ARCH = YES;
				SDKROOT = macosx;
			};
			name = Debug;
		};
		B4B4A6ED238ED017000CBE8C /* Release */ = {
			isa = XCBuildConfiguration;
			buildSettings = {
				ALWAYS_SEARCH_USER_PATHS = NO;
				CLANG_ANALYZER_NONNULL = YES;
				CLANG_ANALYZER_NUMBER_OBJECT_CONVERSION = YES_AGGRESSIVE;
				CLANG_CXX_LANGUAGE_STANDARD = "gnu++14";
				CLANG_CXX_LIBRARY = "libc++";
				CLANG_ENABLE_MODULES = YES;
				CLANG_ENABLE_OBJC_ARC = YES;
				CLANG_ENABLE_OBJC_WEAK = YES;
				CLANG_WARN_BLOCK_CAPTURE_AUTORELEASING = YES;
				CLANG_WARN_BOOL_CONVERSION = YES;
				CLANG_WARN_COMMA = YES;
				CLANG_WARN_CONSTANT_CONVERSION = YES;
				CLANG_WARN_DEPRECATED_OBJC_IMPLEMENTATIONS = YES;
				CLANG_WARN_DIRECT_OBJC_ISA_USAGE = YES_ERROR;
				CLANG_WARN_DOCUMENTATION_COMMENTS = YES;
				CLANG_WARN_EMPTY_BODY = YES;
				CLANG_WARN_ENUM_CONVERSION = YES;
				CLANG_WARN_INFINITE_RECURSION = YES;
				CLANG_WARN_INT_CONVERSION = YES;
				CLANG_WARN_NON_LITERAL_NULL_CONVERSION = YES;
				CLANG_WARN_OBJC_IMPLICIT_RETAIN_SELF = YES;
				CLANG_WARN_OBJC_LITERAL_CONVERSION = YES;
				CLANG_WARN_OBJC_ROOT_CLASS = YES_ERROR;
				CLANG_WARN_RANGE_LOOP_ANALYSIS = YES;
				CLANG_WARN_STRICT_PROTOTYPES = YES;
				CLANG_WARN_SUSPICIOUS_MOVE = YES;
				CLANG_WARN_UNGUARDED_AVAILABILITY = YES_AGGRESSIVE;
				CLANG_WARN_UNREACHABLE_CODE = YES;
				CLANG_WARN__DUPLICATE_METHOD_MATCH = YES;
				COPY_PHASE_STRIP = NO;
				DEBUG_INFORMATION_FORMAT = "dwarf-with-dsym";
				ENABLE_NS_ASSERTIONS = NO;
				ENABLE_STRICT_OBJC_MSGSEND = YES;
				GCC_C_LANGUAGE_STANDARD = gnu11;
				GCC_NO_COMMON_BLOCKS = YES;
				GCC_WARN_64_TO_32_BIT_CONVERSION = YES;
				GCC_WARN_ABOUT_RETURN_TYPE = YES_ERROR;
				GCC_WARN_UNDECLARED_SELECTOR = YES;
				GCC_WARN_UNINITIALIZED_AUTOS = YES_AGGRESSIVE;
				GCC_WARN_UNUSED_FUNCTION = YES;
				GCC_WARN_UNUSED_VARIABLE = YES;
				MACOSX_DEPLOYMENT_TARGET = 10.15;
				MTL_ENABLE_DEBUG_INFO = NO;
				MTL_FAST_MATH = YES;
				SDKROOT = macosx;
			};
			name = Release;
		};
		B4B4A6EF238ED017000CBE8C /* Debug */ = {
			isa = XCBuildConfiguration;
			buildSettings = {
				CODE_SIGN_STYLE = Automatic;
				PRODUCT_NAME = "$(TARGET_NAME)";
			};
			name = Debug;
		};
		B4B4A6F0238ED017000CBE8C /* Release */ = {
			isa = XCBuildConfiguration;
			buildSettings = {
				CODE_SIGN_STYLE = Automatic;
				PRODUCT_NAME = "$(TARGET_NAME)";
			};
			name = Release;
		};
		B4B4A7722397F576000CBE8C /* Debug */ = {
			isa = XCBuildConfiguration;
			buildSettings = {
				CODE_SIGN_STYLE = Automatic;
				PRODUCT_NAME = "$(TARGET_NAME)";
			};
			name = Debug;
		};
		B4B4A7732397F576000CBE8C /* Release */ = {
			isa = XCBuildConfiguration;
			buildSettings = {
				CODE_SIGN_STYLE = Automatic;
				PRODUCT_NAME = "$(TARGET_NAME)";
			};
			name = Release;
		};
		B4B4A77C2399406F000CBE8C /* Debug */ = {
			isa = XCBuildConfiguration;
			buildSettings = {
				CODE_SIGN_STYLE = Automatic;
				PRODUCT_NAME = "$(TARGET_NAME)";
			};
			name = Debug;
		};
		B4B4A77D2399406F000CBE8C /* Release */ = {
			isa = XCBuildConfiguration;
			buildSettings = {
				CODE_SIGN_STYLE = Automatic;
				PRODUCT_NAME = "$(TARGET_NAME)";
			};
			name = Release;
		};
		B4B4A788239940A4000CBE8C /* Debug */ = {
			isa = XCBuildConfiguration;
			buildSettings = {
				CODE_SIGN_STYLE = Automatic;
				PRODUCT_NAME = "$(TARGET_NAME)";
			};
			name = Debug;
		};
		B4B4A789239940A4000CBE8C /* Release */ = {
			isa = XCBuildConfiguration;
			buildSettings = {
				CODE_SIGN_STYLE = Automatic;
				PRODUCT_NAME = "$(TARGET_NAME)";
			};
			name = Release;
		};
		B4B4A793239940EB000CBE8C /* Debug */ = {
			isa = XCBuildConfiguration;
			buildSettings = {
				CODE_SIGN_STYLE = Automatic;
				PRODUCT_NAME = "$(TARGET_NAME)";
			};
			name = Debug;
		};
		B4B4A794239940EB000CBE8C /* Release */ = {
			isa = XCBuildConfiguration;
			buildSettings = {
				CODE_SIGN_STYLE = Automatic;
				PRODUCT_NAME = "$(TARGET_NAME)";
			};
			name = Release;
		};
		B4B4A79E2399411A000CBE8C /* Debug */ = {
			isa = XCBuildConfiguration;
			buildSettings = {
				CODE_SIGN_STYLE = Automatic;
				PRODUCT_NAME = "$(TARGET_NAME)";
			};
			name = Debug;
		};
		B4B4A79F2399411A000CBE8C /* Release */ = {
			isa = XCBuildConfiguration;
			buildSettings = {
				CODE_SIGN_STYLE = Automatic;
				PRODUCT_NAME = "$(TARGET_NAME)";
			};
			name = Release;
		};
		B4B4A7A923994860000CBE8C /* Debug */ = {
			isa = XCBuildConfiguration;
			buildSettings = {
				CODE_SIGN_STYLE = Automatic;
				PRODUCT_NAME = "$(TARGET_NAME)";
			};
			name = Debug;
		};
		B4B4A7AA23994860000CBE8C /* Release */ = {
			isa = XCBuildConfiguration;
			buildSettings = {
				CODE_SIGN_STYLE = Automatic;
				PRODUCT_NAME = "$(TARGET_NAME)";
			};
			name = Release;
		};
/* End XCBuildConfiguration section */

/* Begin XCConfigurationList section */
		B4B4A6E2238ED017000CBE8C /* Build configuration list for PBXProject "day8" */ = {
			isa = XCConfigurationList;
			buildConfigurations = (
				B4B4A6EC238ED017000CBE8C /* Debug */,
				B4B4A6ED238ED017000CBE8C /* Release */,
			);
			defaultConfigurationIsVisible = 0;
			defaultConfigurationName = Release;
		};
		B4B4A6EE238ED017000CBE8C /* Build configuration list for PBXNativeTarget "day8" */ = {
			isa = XCConfigurationList;
			buildConfigurations = (
				B4B4A6EF238ED017000CBE8C /* Debug */,
				B4B4A6F0238ED017000CBE8C /* Release */,
			);
			defaultConfigurationIsVisible = 0;
			defaultConfigurationName = Release;
		};
		B4B4A7712397F576000CBE8C /* Build configuration list for PBXNativeTarget "9指针基本概念" */ = {
			isa = XCConfigurationList;
			buildConfigurations = (
				B4B4A7722397F576000CBE8C /* Debug */,
				B4B4A7732397F576000CBE8C /* Release */,
			);
			defaultConfigurationIsVisible = 0;
			defaultConfigurationName = Release;
		};
		B4B4A77E2399406F000CBE8C /* Build configuration list for PBXNativeTarget "10指针练习1" */ = {
			isa = XCConfigurationList;
			buildConfigurations = (
				B4B4A77C2399406F000CBE8C /* Debug */,
				B4B4A77D2399406F000CBE8C /* Release */,
			);
			defaultConfigurationIsVisible = 0;
			defaultConfigurationName = Release;
		};
		B4B4A787239940A4000CBE8C /* Build configuration list for PBXNativeTarget "11指针练习2" */ = {
			isa = XCConfigurationList;
			buildConfigurations = (
				B4B4A788239940A4000CBE8C /* Debug */,
				B4B4A789239940A4000CBE8C /* Release */,
			);
			defaultConfigurationIsVisible = 0;
			defaultConfigurationName = Release;
		};
		B4B4A792239940EB000CBE8C /* Build configuration list for PBXNativeTarget "12指针的注意点" */ = {
			isa = XCConfigurationList;
			buildConfigurations = (
				B4B4A793239940EB000CBE8C /* Debug */,
				B4B4A794239940EB000CBE8C /* Release */,
			);
			defaultConfigurationIsVisible = 0;
			defaultConfigurationName = Release;
		};
		B4B4A79D2399411A000CBE8C /* Build configuration list for PBXNativeTarget "13多级指针" */ = {
			isa = XCConfigurationList;
			buildConfigurations = (
				B4B4A79E2399411A000CBE8C /* Debug */,
				B4B4A79F2399411A000CBE8C /* Release */,
			);
			defaultConfigurationIsVisible = 0;
			defaultConfigurationName = Release;
		};
		B4B4A7A823994860000CBE8C /* Build configuration list for PBXNativeTarget "14指针为什么要分类型" */ = {
			isa = XCConfigurationList;
			buildConfigurations = (
				B4B4A7A923994860000CBE8C /* Debug */,
				B4B4A7AA23994860000CBE8C /* Release */,
			);
			defaultConfigurationIsVisible = 0;
			defaultConfigurationName = Release;
		};
/* End XCConfigurationList section */
	};
	rootObject = B4B4A6DF238ED017000CBE8C /* Project object */;
}
