// !$*UTF8*$!
{
	archiveVersion = 1;
	classes = {
	};
	objectVersion = 50;
	objects = {

/* Begin PBXBuildFile section */
		B4051320237DA52800F8F922 /* main.c in Sources */ = {isa = PBXBuildFile; fileRef = B405131F237DA52800F8F922 /* main.c */; };
		B405132B2385818000F8F922 /* main.c in Sources */ = {isa = PBXBuildFile; fileRef = B405132A2385818000F8F922 /* main.c */; };
		B40513362385894900F8F922 /* main.c in Sources */ = {isa = PBXBuildFile; fileRef = B40513352385894900F8F922 /* main.c */; };
		B405134C2386DA8B00F8F922 /* main.c in Sources */ = {isa = PBXBuildFile; fileRef = B405134B2386DA8B00F8F922 /* main.c */; };
		B40513622386DC1F00F8F922 /* main.c in Sources */ = {isa = PBXBuildFile; fileRef = B40513612386DC1F00F8F922 /* main.c */; };
		B48C7B0823784D5200C50104 /* main.c in Sources */ = {isa = PBXBuildFile; fileRef = B48C7B0723784D5200C50104 /* main.c */; };
		B48C7B1523784D8D00C50104 /* main.c in Sources */ = {isa = PBXBuildFile; fileRef = B48C7B1423784D8D00C50104 /* main.c */; };
		B48C7B2023784DAB00C50104 /* main.c in Sources */ = {isa = PBXBuildFile; fileRef = B48C7B1F23784DAB00C50104 /* main.c */; };
		B48C7B2B23784DB600C50104 /* main.c in Sources */ = {isa = PBXBuildFile; fileRef = B48C7B2A23784DB600C50104 /* main.c */; };
		B4B4A678238D7CBB000CBE8C /* main.c in Sources */ = {isa = PBXBuildFile; fileRef = B4B4A677238D7CBB000CBE8C /* main.c */; };
		B4B4A683238D7CCC000CBE8C /* main.c in Sources */ = {isa = PBXBuildFile; fileRef = B4B4A682238D7CCC000CBE8C /* main.c */; };
		B4B4A68E238EC832000CBE8C /* main.c in Sources */ = {isa = PBXBuildFile; fileRef = B4B4A68D238EC832000CBE8C /* main.c */; };
		B4E63809237C492700F3CE08 /* main.c in Sources */ = {isa = PBXBuildFile; fileRef = B4E63808237C492700F3CE08 /* main.c */; };
		B4E63814237C517800F3CE08 /* main.c in Sources */ = {isa = PBXBuildFile; fileRef = B4E63813237C517800F3CE08 /* main.c */; };
/* End PBXBuildFile section */

/* Begin PBXCopyFilesBuildPhase section */
		B405131B237DA52800F8F922 /* CopyFiles */ = {
			isa = PBXCopyFilesBuildPhase;
			buildActionMask = 2147483647;
			dstPath = /usr/share/man/man1/;
			dstSubfolderSpec = 0;
			files = (
			);
			runOnlyForDeploymentPostprocessing = 1;
		};
		B40513262385817F00F8F922 /* CopyFiles */ = {
			isa = PBXCopyFilesBuildPhase;
			buildActionMask = 2147483647;
			dstPath = /usr/share/man/man1/;
			dstSubfolderSpec = 0;
			files = (
			);
			runOnlyForDeploymentPostprocessing = 1;
		};
		B40513312385894900F8F922 /* CopyFiles */ = {
			isa = PBXCopyFilesBuildPhase;
			buildActionMask = 2147483647;
			dstPath = /usr/share/man/man1/;
			dstSubfolderSpec = 0;
			files = (
			);
			runOnlyForDeploymentPostprocessing = 1;
		};
		B40513472386DA8B00F8F922 /* CopyFiles */ = {
			isa = PBXCopyFilesBuildPhase;
			buildActionMask = 2147483647;
			dstPath = /usr/share/man/man1/;
			dstSubfolderSpec = 0;
			files = (
			);
			runOnlyForDeploymentPostprocessing = 1;
		};
		B405135D2386DC1F00F8F922 /* CopyFiles */ = {
			isa = PBXCopyFilesBuildPhase;
			buildActionMask = 2147483647;
			dstPath = /usr/share/man/man1/;
			dstSubfolderSpec = 0;
			files = (
			);
			runOnlyForDeploymentPostprocessing = 1;
		};
		B48C7B0223784D5200C50104 /* CopyFiles */ = {
			isa = PBXCopyFilesBuildPhase;
			buildActionMask = 2147483647;
			dstPath = /usr/share/man/man1/;
			dstSubfolderSpec = 0;
			files = (
			);
			runOnlyForDeploymentPostprocessing = 1;
		};
		B48C7B1023784D8D00C50104 /* CopyFiles */ = {
			isa = PBXCopyFilesBuildPhase;
			buildActionMask = 2147483647;
			dstPath = /usr/share/man/man1/;
			dstSubfolderSpec = 0;
			files = (
			);
			runOnlyForDeploymentPostprocessing = 1;
		};
		B48C7B1B23784DAB00C50104 /* CopyFiles */ = {
			isa = PBXCopyFilesBuildPhase;
			buildActionMask = 2147483647;
			dstPath = /usr/share/man/man1/;
			dstSubfolderSpec = 0;
			files = (
			);
			runOnlyForDeploymentPostprocessing = 1;
		};
		B48C7B2623784DB600C50104 /* CopyFiles */ = {
			isa = PBXCopyFilesBuildPhase;
			buildActionMask = 2147483647;
			dstPath = /usr/share/man/man1/;
			dstSubfolderSpec = 0;
			files = (
			);
			runOnlyForDeploymentPostprocessing = 1;
		};
		B4B4A673238D7CBB000CBE8C /* CopyFiles */ = {
			isa = PBXCopyFilesBuildPhase;
			buildActionMask = 2147483647;
			dstPath = /usr/share/man/man1/;
			dstSubfolderSpec = 0;
			files = (
			);
			runOnlyForDeploymentPostprocessing = 1;
		};
		B4B4A67E238D7CCB000CBE8C /* CopyFiles */ = {
			isa = PBXCopyFilesBuildPhase;
			buildActionMask = 2147483647;
			dstPath = /usr/share/man/man1/;
			dstSubfolderSpec = 0;
			files = (
			);
			runOnlyForDeploymentPostprocessing = 1;
		};
		B4B4A689238EC832000CBE8C /* CopyFiles */ = {
			isa = PBXCopyFilesBuildPhase;
			buildActionMask = 2147483647;
			dstPath = /usr/share/man/man1/;
			dstSubfolderSpec = 0;
			files = (
			);
			runOnlyForDeploymentPostprocessing = 1;
		};
		B4E63804237C492700F3CE08 /* CopyFiles */ = {
			isa = PBXCopyFilesBuildPhase;
			buildActionMask = 2147483647;
			dstPath = /usr/share/man/man1/;
			dstSubfolderSpec = 0;
			files = (
			);
			runOnlyForDeploymentPostprocessing = 1;
		};
		B4E6380F237C517800F3CE08 /* CopyFiles */ = {
			isa = PBXCopyFilesBuildPhase;
			buildActionMask = 2147483647;
			dstPath = /usr/share/man/man1/;
			dstSubfolderSpec = 0;
			files = (
			);
			runOnlyForDeploymentPostprocessing = 1;
		};
/* End PBXCopyFilesBuildPhase section */

/* Begin PBXFileReference section */
		B405131D237DA52800F8F922 /* 8逗号运算符 */ = {isa = PBXFileReference; explicitFileType = "compiled.mach-o.executable"; includeInIndex = 0; path = "8逗号运算符"; sourceTree = BUILT_PRODUCTS_DIR; };
		B405131F237DA52800F8F922 /* main.c */ = {isa = PBXFileReference; lastKnownFileType = sourcecode.c.c; path = main.c; sourceTree = "<group>"; };
		B40513282385817F00F8F922 /* 9关系运算符 */ = {isa = PBXFileReference; explicitFileType = "compiled.mach-o.executable"; includeInIndex = 0; path = "9关系运算符"; sourceTree = BUILT_PRODUCTS_DIR; };
		B405132A2385818000F8F922 /* main.c */ = {isa = PBXFileReference; lastKnownFileType = sourcecode.c.c; path = main.c; sourceTree = "<group>"; };
		B40513332385894900F8F922 /* 10逻辑运算符 */ = {isa = PBXFileReference; explicitFileType = "compiled.mach-o.executable"; includeInIndex = 0; path = "10逻辑运算符"; sourceTree = BUILT_PRODUCTS_DIR; };
		B40513352385894900F8F922 /* main.c */ = {isa = PBXFileReference; lastKnownFileType = sourcecode.c.c; path = main.c; sourceTree = "<group>"; };
		B40513492386DA8B00F8F922 /* 11三目运算符 */ = {isa = PBXFileReference; explicitFileType = "compiled.mach-o.executable"; includeInIndex = 0; path = "11三目运算符"; sourceTree = BUILT_PRODUCTS_DIR; };
		B405134B2386DA8B00F8F922 /* main.c */ = {isa = PBXFileReference; lastKnownFileType = sourcecode.c.c; path = main.c; sourceTree = "<group>"; };
		B405135F2386DC1F00F8F922 /* 12if基本概念 */ = {isa = PBXFileReference; explicitFileType = "compiled.mach-o.executable"; includeInIndex = 0; path = "12if基本概念"; sourceTree = BUILT_PRODUCTS_DIR; };
		B40513612386DC1F00F8F922 /* main.c */ = {isa = PBXFileReference; lastKnownFileType = sourcecode.c.c; path = main.c; sourceTree = "<group>"; };
		B48C7B0423784D5200C50104 /* day3 */ = {isa = PBXFileReference; explicitFileType = "compiled.mach-o.executable"; includeInIndex = 0; path = day3; sourceTree = BUILT_PRODUCTS_DIR; };
		B48C7B0723784D5200C50104 /* main.c */ = {isa = PBXFileReference; lastKnownFileType = sourcecode.c.c; path = main.c; sourceTree = "<group>"; };
		B48C7B1223784D8D00C50104 /* 3算术运算符的优先级和结合性 */ = {isa = PBXFileReference; explicitFileType = "compiled.mach-o.executable"; includeInIndex = 0; path = "3算术运算符的优先级和结合性"; sourceTree = BUILT_PRODUCTS_DIR; };
		B48C7B1423784D8D00C50104 /* main.c */ = {isa = PBXFileReference; lastKnownFileType = sourcecode.c.c; path = main.c; sourceTree = "<group>"; };
		B48C7B1D23784DAB00C50104 /* 4类型转换 */ = {isa = PBXFileReference; explicitFileType = "compiled.mach-o.executable"; includeInIndex = 0; path = "4类型转换"; sourceTree = BUILT_PRODUCTS_DIR; };
		B48C7B1F23784DAB00C50104 /* main.c */ = {isa = PBXFileReference; lastKnownFileType = sourcecode.c.c; path = main.c; sourceTree = "<group>"; };
		B48C7B2823784DB600C50104 /* 5赋值运算符 */ = {isa = PBXFileReference; explicitFileType = "compiled.mach-o.executable"; includeInIndex = 0; path = "5赋值运算符"; sourceTree = BUILT_PRODUCTS_DIR; };
		B48C7B2A23784DB600C50104 /* main.c */ = {isa = PBXFileReference; lastKnownFileType = sourcecode.c.c; path = main.c; sourceTree = "<group>"; };
		B4B4A675238D7CBB000CBE8C /* 13if练习 */ = {isa = PBXFileReference; explicitFileType = "compiled.mach-o.executable"; includeInIndex = 0; path = "13if练习"; sourceTree = BUILT_PRODUCTS_DIR; };
		B4B4A677238D7CBB000CBE8C /* main.c */ = {isa = PBXFileReference; lastKnownFileType = sourcecode.c.c; path = main.c; sourceTree = "<group>"; };
		B4B4A680238D7CCB000CBE8C /* 14石头剪刀布 */ = {isa = PBXFileReference; explicitFileType = "compiled.mach-o.executable"; includeInIndex = 0; path = "14石头剪刀布"; sourceTree = BUILT_PRODUCTS_DIR; };
		B4B4A682238D7CCC000CBE8C /* main.c */ = {isa = PBXFileReference; lastKnownFileType = sourcecode.c.c; path = main.c; sourceTree = "<group>"; };
		B4B4A68B238EC832000CBE8C /* 15if注意点 */ = {isa = PBXFileReference; explicitFileType = "compiled.mach-o.executable"; includeInIndex = 0; path = "15if注意点"; sourceTree = BUILT_PRODUCTS_DIR; };
		B4B4A68D238EC832000CBE8C /* main.c */ = {isa = PBXFileReference; lastKnownFileType = sourcecode.c.c; path = main.c; sourceTree = "<group>"; };
		B4E63806237C492700F3CE08 /* 6自增自减 */ = {isa = PBXFileReference; explicitFileType = "compiled.mach-o.executable"; includeInIndex = 0; path = "6自增自减"; sourceTree = BUILT_PRODUCTS_DIR; };
		B4E63808237C492700F3CE08 /* main.c */ = {isa = PBXFileReference; lastKnownFileType = sourcecode.c.c; path = main.c; sourceTree = "<group>"; };
		B4E63811237C517800F3CE08 /* 7sizeof运算符 */ = {isa = PBXFileReference; explicitFileType = "compiled.mach-o.executable"; includeInIndex = 0; path = "7sizeof运算符"; sourceTree = BUILT_PRODUCTS_DIR; };
		B4E63813237C517800F3CE08 /* main.c */ = {isa = PBXFileReference; lastKnownFileType = sourcecode.c.c; path = main.c; sourceTree = "<group>"; };
/* End PBXFileReference section */

/* Begin PBXFrameworksBuildPhase section */
		B405131A237DA52800F8F922 /* Frameworks */ = {
			isa = PBXFrameworksBuildPhase;
			buildActionMask = 2147483647;
			files = (
			);
			runOnlyForDeploymentPostprocessing = 0;
		};
		B40513252385817F00F8F922 /* Frameworks */ = {
			isa = PBXFrameworksBuildPhase;
			buildActionMask = 2147483647;
			files = (
			);
			runOnlyForDeploymentPostprocessing = 0;
		};
		B40513302385894900F8F922 /* Frameworks */ = {
			isa = PBXFrameworksBuildPhase;
			buildActionMask = 2147483647;
			files = (
			);
			runOnlyForDeploymentPostprocessing = 0;
		};
		B40513462386DA8B00F8F922 /* Frameworks */ = {
			isa = PBXFrameworksBuildPhase;
			buildActionMask = 2147483647;
			files = (
			);
			runOnlyForDeploymentPostprocessing = 0;
		};
		B405135C2386DC1F00F8F922 /* Frameworks */ = {
			isa = PBXFrameworksBuildPhase;
			buildActionMask = 2147483647;
			files = (
			);
			runOnlyForDeploymentPostprocessing = 0;
		};
		B48C7B0123784D5200C50104 /* Frameworks */ = {
			isa = PBXFrameworksBuildPhase;
			buildActionMask = 2147483647;
			files = (
			);
			runOnlyForDeploymentPostprocessing = 0;
		};
		B48C7B0F23784D8D00C50104 /* Frameworks */ = {
			isa = PBXFrameworksBuildPhase;
			buildActionMask = 2147483647;
			files = (
			);
			runOnlyForDeploymentPostprocessing = 0;
		};
		B48C7B1A23784DAB00C50104 /* Frameworks */ = {
			isa = PBXFrameworksBuildPhase;
			buildActionMask = 2147483647;
			files = (
			);
			runOnlyForDeploymentPostprocessing = 0;
		};
		B48C7B2523784DB600C50104 /* Frameworks */ = {
			isa = PBXFrameworksBuildPhase;
			buildActionMask = 2147483647;
			files = (
			);
			runOnlyForDeploymentPostprocessing = 0;
		};
		B4B4A672238D7CBB000CBE8C /* Frameworks */ = {
			isa = PBXFrameworksBuildPhase;
			buildActionMask = 2147483647;
			files = (
			);
			runOnlyForDeploymentPostprocessing = 0;
		};
		B4B4A67D238D7CCB000CBE8C /* Frameworks */ = {
			isa = PBXFrameworksBuildPhase;
			buildActionMask = 2147483647;
			files = (
			);
			runOnlyForDeploymentPostprocessing = 0;
		};
		B4B4A688238EC832000CBE8C /* Frameworks */ = {
			isa = PBXFrameworksBuildPhase;
			buildActionMask = 2147483647;
			files = (
			);
			runOnlyForDeploymentPostprocessing = 0;
		};
		B4E63803237C492700F3CE08 /* Frameworks */ = {
			isa = PBXFrameworksBuildPhase;
			buildActionMask = 2147483647;
			files = (
			);
			runOnlyForDeploymentPostprocessing = 0;
		};
		B4E6380E237C517800F3CE08 /* Frameworks */ = {
			isa = PBXFrameworksBuildPhase;
			buildActionMask = 2147483647;
			files = (
			);
			runOnlyForDeploymentPostprocessing = 0;
		};
/* End PBXFrameworksBuildPhase section */

/* Begin PBXGroup section */
		B405131E237DA52800F8F922 /* 8逗号运算符 */ = {
			isa = PBXGroup;
			children = (
				B405131F237DA52800F8F922 /* main.c */,
			);
			path = "8逗号运算符";
			sourceTree = "<group>";
		};
		B40513292385818000F8F922 /* 9关系运算符 */ = {
			isa = PBXGroup;
			children = (
				B405132A2385818000F8F922 /* main.c */,
			);
			path = "9关系运算符";
			sourceTree = "<group>";
		};
		B40513342385894900F8F922 /* 10逻辑运算符 */ = {
			isa = PBXGroup;
			children = (
				B40513352385894900F8F922 /* main.c */,
			);
			path = "10逻辑运算符";
			sourceTree = "<group>";
		};
		B405134A2386DA8B00F8F922 /* 11三目运算符 */ = {
			isa = PBXGroup;
			children = (
				B405134B2386DA8B00F8F922 /* main.c */,
			);
			path = "11三目运算符";
			sourceTree = "<group>";
		};
		B40513602386DC1F00F8F922 /* 12if基本概念 */ = {
			isa = PBXGroup;
			children = (
				B40513612386DC1F00F8F922 /* main.c */,
			);
			path = "12if基本概念";
			sourceTree = "<group>";
		};
		B48C7AFB23784D5200C50104 = {
			isa = PBXGroup;
			children = (
				B48C7B0623784D5200C50104 /* day3 */,
				B48C7B1323784D8D00C50104 /* 3算术运算符的优先级和结合性 */,
				B48C7B1E23784DAB00C50104 /* 4类型转换 */,
				B48C7B2923784DB600C50104 /* 5赋值运算符 */,
				B4E63807237C492700F3CE08 /* 6自增自减 */,
				B4E63812237C517800F3CE08 /* 7sizeof运算符 */,
				B405131E237DA52800F8F922 /* 8逗号运算符 */,
				B40513292385818000F8F922 /* 9关系运算符 */,
				B40513342385894900F8F922 /* 10逻辑运算符 */,
				B405134A2386DA8B00F8F922 /* 11三目运算符 */,
				B40513602386DC1F00F8F922 /* 12if基本概念 */,
				B4B4A676238D7CBB000CBE8C /* 13if练习 */,
				B4B4A681238D7CCB000CBE8C /* 14石头剪刀布 */,
				B4B4A68C238EC832000CBE8C /* 15if注意点 */,
				B48C7B0523784D5200C50104 /* Products */,
			);
			sourceTree = "<group>";
		};
		B48C7B0523784D5200C50104 /* Products */ = {
			isa = PBXGroup;
			children = (
				B48C7B0423784D5200C50104 /* day3 */,
				B48C7B1223784D8D00C50104 /* 3算术运算符的优先级和结合性 */,
				B48C7B1D23784DAB00C50104 /* 4类型转换 */,
				B48C7B2823784DB600C50104 /* 5赋值运算符 */,
				B4E63806237C492700F3CE08 /* 6自增自减 */,
				B4E63811237C517800F3CE08 /* 7sizeof运算符 */,
				B405131D237DA52800F8F922 /* 8逗号运算符 */,
				B40513282385817F00F8F922 /* 9关系运算符 */,
				B40513332385894900F8F922 /* 10逻辑运算符 */,
				B40513492386DA8B00F8F922 /* 11三目运算符 */,
				B405135F2386DC1F00F8F922 /* 12if基本概念 */,
				B4B4A675238D7CBB000CBE8C /* 13if练习 */,
				B4B4A680238D7CCB000CBE8C /* 14石头剪刀布 */,
				B4B4A68B238EC832000CBE8C /* 15if注意点 */,
			);
			name = Products;
			sourceTree = "<group>";
		};
		B48C7B0623784D5200C50104 /* day3 */ = {
			isa = PBXGroup;
			children = (
				B48C7B0723784D5200C50104 /* main.c */,
			);
			path = day3;
			sourceTree = "<group>";
		};
		B48C7B1323784D8D00C50104 /* 3算术运算符的优先级和结合性 */ = {
			isa = PBXGroup;
			children = (
				B48C7B1423784D8D00C50104 /* main.c */,
			);
			path = "3算术运算符的优先级和结合性";
			sourceTree = "<group>";
		};
		B48C7B1E23784DAB00C50104 /* 4类型转换 */ = {
			isa = PBXGroup;
			children = (
				B48C7B1F23784DAB00C50104 /* main.c */,
			);
			path = "4类型转换";
			sourceTree = "<group>";
		};
		B48C7B2923784DB600C50104 /* 5赋值运算符 */ = {
			isa = PBXGroup;
			children = (
				B48C7B2A23784DB600C50104 /* main.c */,
			);
			path = "5赋值运算符";
			sourceTree = "<group>";
		};
		B4B4A676238D7CBB000CBE8C /* 13if练习 */ = {
			isa = PBXGroup;
			children = (
				B4B4A677238D7CBB000CBE8C /* main.c */,
			);
			path = "13if练习";
			sourceTree = "<group>";
		};
		B4B4A681238D7CCB000CBE8C /* 14石头剪刀布 */ = {
			isa = PBXGroup;
			children = (
				B4B4A682238D7CCC000CBE8C /* main.c */,
			);
			path = "14石头剪刀布";
			sourceTree = "<group>";
		};
		B4B4A68C238EC832000CBE8C /* 15if注意点 */ = {
			isa = PBXGroup;
			children = (
				B4B4A68D238EC832000CBE8C /* main.c */,
			);
			path = "15if注意点";
			sourceTree = "<group>";
		};
		B4E63807237C492700F3CE08 /* 6自增自减 */ = {
			isa = PBXGroup;
			children = (
				B4E63808237C492700F3CE08 /* main.c */,
			);
			path = "6自增自减";
			sourceTree = "<group>";
		};
		B4E63812237C517800F3CE08 /* 7sizeof运算符 */ = {
			isa = PBXGroup;
			children = (
				B4E63813237C517800F3CE08 /* main.c */,
			);
			path = "7sizeof运算符";
			sourceTree = "<group>";
		};
/* End PBXGroup section */

/* Begin PBXNativeTarget section */
		B405131C237DA52800F8F922 /* 8逗号运算符 */ = {
			isa = PBXNativeTarget;
			buildConfigurationList = B4051321237DA52800F8F922 /* Build configuration list for PBXNativeTarget "8逗号运算符" */;
			buildPhases = (
				B4051319237DA52800F8F922 /* Sources */,
				B405131A237DA52800F8F922 /* Frameworks */,
				B405131B237DA52800F8F922 /* CopyFiles */,
			);
			buildRules = (
			);
			dependencies = (
			);
			name = "8逗号运算符";
			productName = "8逗号运算符";
			productReference = B405131D237DA52800F8F922 /* 8逗号运算符 */;
			productType = "com.apple.product-type.tool";
		};
		B40513272385817F00F8F922 /* 9关系运算符 */ = {
			isa = PBXNativeTarget;
			buildConfigurationList = B405132E2385818000F8F922 /* Build configuration list for PBXNativeTarget "9关系运算符" */;
			buildPhases = (
				B40513242385817F00F8F922 /* Sources */,
				B40513252385817F00F8F922 /* Frameworks */,
				B40513262385817F00F8F922 /* CopyFiles */,
			);
			buildRules = (
			);
			dependencies = (
			);
			name = "9关系运算符";
			productName = "9关系运算符";
			productReference = B40513282385817F00F8F922 /* 9关系运算符 */;
			productType = "com.apple.product-type.tool";
		};
		B40513322385894900F8F922 /* 10逻辑运算符 */ = {
			isa = PBXNativeTarget;
			buildConfigurationList = B40513372385894900F8F922 /* Build configuration list for PBXNativeTarget "10逻辑运算符" */;
			buildPhases = (
				B405132F2385894900F8F922 /* Sources */,
				B40513302385894900F8F922 /* Frameworks */,
				B40513312385894900F8F922 /* CopyFiles */,
			);
			buildRules = (
			);
			dependencies = (
			);
			name = "10逻辑运算符";
			productName = "10逻辑运算符";
			productReference = B40513332385894900F8F922 /* 10逻辑运算符 */;
			productType = "com.apple.product-type.tool";
		};
		B40513482386DA8B00F8F922 /* 11三目运算符 */ = {
			isa = PBXNativeTarget;
			buildConfigurationList = B405134D2386DA8B00F8F922 /* Build configuration list for PBXNativeTarget "11三目运算符" */;
			buildPhases = (
				B40513452386DA8B00F8F922 /* Sources */,
				B40513462386DA8B00F8F922 /* Frameworks */,
				B40513472386DA8B00F8F922 /* CopyFiles */,
			);
			buildRules = (
			);
			dependencies = (
			);
			name = "11三目运算符";
			productName = "11三目运算符";
			productReference = B40513492386DA8B00F8F922 /* 11三目运算符 */;
			productType = "com.apple.product-type.tool";
		};
		B405135E2386DC1F00F8F922 /* 12if基本概念 */ = {
			isa = PBXNativeTarget;
			buildConfigurationList = B40513632386DC1F00F8F922 /* Build configuration list for PBXNativeTarget "12if基本概念" */;
			buildPhases = (
				B405135B2386DC1F00F8F922 /* Sources */,
				B405135C2386DC1F00F8F922 /* Frameworks */,
				B405135D2386DC1F00F8F922 /* CopyFiles */,
			);
			buildRules = (
			);
			dependencies = (
			);
			name = "12if基本概念";
			productName = "12if基本概念";
			productReference = B405135F2386DC1F00F8F922 /* 12if基本概念 */;
			productType = "com.apple.product-type.tool";
		};
		B48C7B0323784D5200C50104 /* day3 */ = {
			isa = PBXNativeTarget;
			buildConfigurationList = B48C7B0B23784D5200C50104 /* Build configuration list for PBXNativeTarget "day3" */;
			buildPhases = (
				B48C7B0023784D5200C50104 /* Sources */,
				B48C7B0123784D5200C50104 /* Frameworks */,
				B48C7B0223784D5200C50104 /* CopyFiles */,
			);
			buildRules = (
			);
			dependencies = (
			);
			name = day3;
			productName = day3;
			productReference = B48C7B0423784D5200C50104 /* day3 */;
			productType = "com.apple.product-type.tool";
		};
		B48C7B1123784D8D00C50104 /* 3算术运算符的优先级和结合性 */ = {
			isa = PBXNativeTarget;
			buildConfigurationList = B48C7B1623784D8D00C50104 /* Build configuration list for PBXNativeTarget "3算术运算符的优先级和结合性" */;
			buildPhases = (
				B48C7B0E23784D8D00C50104 /* Sources */,
				B48C7B0F23784D8D00C50104 /* Frameworks */,
				B48C7B1023784D8D00C50104 /* CopyFiles */,
			);
			buildRules = (
			);
			dependencies = (
			);
			name = "3算术运算符的优先级和结合性";
			productName = "3算术运算符的优先级和结合性";
			productReference = B48C7B1223784D8D00C50104 /* 3算术运算符的优先级和结合性 */;
			productType = "com.apple.product-type.tool";
		};
		B48C7B1C23784DAB00C50104 /* 4类型转换 */ = {
			isa = PBXNativeTarget;
			buildConfigurationList = B48C7B2123784DAB00C50104 /* Build configuration list for PBXNativeTarget "4类型转换" */;
			buildPhases = (
				B48C7B1923784DAB00C50104 /* Sources */,
				B48C7B1A23784DAB00C50104 /* Frameworks */,
				B48C7B1B23784DAB00C50104 /* CopyFiles */,
			);
			buildRules = (
			);
			dependencies = (
			);
			name = "4类型转换";
			productName = "4类型转换";
			productReference = B48C7B1D23784DAB00C50104 /* 4类型转换 */;
			productType = "com.apple.product-type.tool";
		};
		B48C7B2723784DB600C50104 /* 5赋值运算符 */ = {
			isa = PBXNativeTarget;
			buildConfigurationList = B48C7B2C23784DB600C50104 /* Build configuration list for PBXNativeTarget "5赋值运算符" */;
			buildPhases = (
				B48C7B2423784DB600C50104 /* Sources */,
				B48C7B2523784DB600C50104 /* Frameworks */,
				B48C7B2623784DB600C50104 /* CopyFiles */,
			);
			buildRules = (
			);
			dependencies = (
			);
			name = "5赋值运算符";
			productName = "5赋值运算符";
			productReference = B48C7B2823784DB600C50104 /* 5赋值运算符 */;
			productType = "com.apple.product-type.tool";
		};
		B4B4A674238D7CBB000CBE8C /* 13if练习 */ = {
			isa = PBXNativeTarget;
			buildConfigurationList = B4B4A67B238D7CBB000CBE8C /* Build configuration list for PBXNativeTarget "13if练习" */;
			buildPhases = (
				B4B4A671238D7CBB000CBE8C /* Sources */,
				B4B4A672238D7CBB000CBE8C /* Frameworks */,
				B4B4A673238D7CBB000CBE8C /* CopyFiles */,
			);
			buildRules = (
			);
			dependencies = (
			);
			name = "13if练习";
			productName = "13if练习";
			productReference = B4B4A675238D7CBB000CBE8C /* 13if练习 */;
			productType = "com.apple.product-type.tool";
		};
		B4B4A67F238D7CCB000CBE8C /* 14石头剪刀布 */ = {
			isa = PBXNativeTarget;
			buildConfigurationList = B4B4A684238D7CCC000CBE8C /* Build configuration list for PBXNativeTarget "14石头剪刀布" */;
			buildPhases = (
				B4B4A67C238D7CCB000CBE8C /* Sources */,
				B4B4A67D238D7CCB000CBE8C /* Frameworks */,
				B4B4A67E238D7CCB000CBE8C /* CopyFiles */,
			);
			buildRules = (
			);
			dependencies = (
			);
			name = "14石头剪刀布";
			productName = "14石头剪刀布";
			productReference = B4B4A680238D7CCB000CBE8C /* 14石头剪刀布 */;
			productType = "com.apple.product-type.tool";
		};
		B4B4A68A238EC832000CBE8C /* 15if注意点 */ = {
			isa = PBXNativeTarget;
			buildConfigurationList = B4B4A691238EC832000CBE8C /* Build configuration list for PBXNativeTarget "15if注意点" */;
			buildPhases = (
				B4B4A687238EC832000CBE8C /* Sources */,
				B4B4A688238EC832000CBE8C /* Frameworks */,
				B4B4A689238EC832000CBE8C /* CopyFiles */,
			);
			buildRules = (
			);
			dependencies = (
			);
			name = "15if注意点";
			productName = "15if注意点";
			productReference = B4B4A68B238EC832000CBE8C /* 15if注意点 */;
			productType = "com.apple.product-type.tool";
		};
		B4E63805237C492700F3CE08 /* 6自增自减 */ = {
			isa = PBXNativeTarget;
			buildConfigurationList = B4E6380C237C492700F3CE08 /* Build configuration list for PBXNativeTarget "6自增自减" */;
			buildPhases = (
				B4E63802237C492700F3CE08 /* Sources */,
				B4E63803237C492700F3CE08 /* Frameworks */,
				B4E63804237C492700F3CE08 /* CopyFiles */,
			);
			buildRules = (
			);
			dependencies = (
			);
			name = "6自增自减";
			productName = "6自增自减";
			productReference = B4E63806237C492700F3CE08 /* 6自增自减 */;
			productType = "com.apple.product-type.tool";
		};
		B4E63810237C517800F3CE08 /* 7sizeof运算符 */ = {
			isa = PBXNativeTarget;
			buildConfigurationList = B4E63815237C517800F3CE08 /* Build configuration list for PBXNativeTarget "7sizeof运算符" */;
			buildPhases = (
				B4E6380D237C517800F3CE08 /* Sources */,
				B4E6380E237C517800F3CE08 /* Frameworks */,
				B4E6380F237C517800F3CE08 /* CopyFiles */,
			);
			buildRules = (
			);
			dependencies = (
			);
			name = "7sizeof运算符";
			productName = "7sizeof运算符";
			productReference = B4E63811237C517800F3CE08 /* 7sizeof运算符 */;
			productType = "com.apple.product-type.tool";
		};
/* End PBXNativeTarget section */

/* Begin PBXProject section */
		B48C7AFC23784D5200C50104 /* Project object */ = {
			isa = PBXProject;
			attributes = {
				LastUpgradeCheck = 1120;
				ORGANIZATIONNAME = "Shannon MYang";
				TargetAttributes = {
					B405131C237DA52800F8F922 = {
						CreatedOnToolsVersion = 11.2.1;
					};
					B40513272385817F00F8F922 = {
						CreatedOnToolsVersion = 11.2.1;
					};
					B40513322385894900F8F922 = {
						CreatedOnToolsVersion = 11.2.1;
					};
					B40513482386DA8B00F8F922 = {
						CreatedOnToolsVersion = 11.2.1;
					};
					B405135E2386DC1F00F8F922 = {
						CreatedOnToolsVersion = 11.2.1;
					};
					B48C7B0323784D5200C50104 = {
						CreatedOnToolsVersion = 11.2;
					};
					B48C7B1123784D8D00C50104 = {
						CreatedOnToolsVersion = 11.2;
					};
					B48C7B1C23784DAB00C50104 = {
						CreatedOnToolsVersion = 11.2;
					};
					B48C7B2723784DB600C50104 = {
						CreatedOnToolsVersion = 11.2;
					};
					B4B4A674238D7CBB000CBE8C = {
						CreatedOnToolsVersion = 11.2.1;
					};
					B4B4A67F238D7CCB000CBE8C = {
						CreatedOnToolsVersion = 11.2.1;
					};
					B4B4A68A238EC832000CBE8C = {
						CreatedOnToolsVersion = 11.2.1;
					};
					B4E63805237C492700F3CE08 = {
						CreatedOnToolsVersion = 11.2.1;
					};
					B4E63810237C517800F3CE08 = {
						CreatedOnToolsVersion = 11.2.1;
					};
				};
			};
			buildConfigurationList = B48C7AFF23784D5200C50104 /* Build configuration list for PBXProject "day3" */;
			compatibilityVersion = "Xcode 9.3";
			developmentRegion = en;
			hasScannedForEncodings = 0;
			knownRegions = (
				en,
				Base,
			);
			mainGroup = B48C7AFB23784D5200C50104;
			productRefGroup = B48C7B0523784D5200C50104 /* Products */;
			projectDirPath = "";
			projectRoot = "";
			targets = (
				B48C7B0323784D5200C50104 /* day3 */,
				B48C7B1123784D8D00C50104 /* 3算术运算符的优先级和结合性 */,
				B48C7B1C23784DAB00C50104 /* 4类型转换 */,
				B48C7B2723784DB600C50104 /* 5赋值运算符 */,
				B4E63805237C492700F3CE08 /* 6自增自减 */,
				B4E63810237C517800F3CE08 /* 7sizeof运算符 */,
				B405131C237DA52800F8F922 /* 8逗号运算符 */,
				B40513272385817F00F8F922 /* 9关系运算符 */,
				B40513322385894900F8F922 /* 10逻辑运算符 */,
				B40513482386DA8B00F8F922 /* 11三目运算符 */,
				B405135E2386DC1F00F8F922 /* 12if基本概念 */,
				B4B4A674238D7CBB000CBE8C /* 13if练习 */,
				B4B4A67F238D7CCB000CBE8C /* 14石头剪刀布 */,
				B4B4A68A238EC832000CBE8C /* 15if注意点 */,
			);
		};
/* End PBXProject section */

/* Begin PBXSourcesBuildPhase section */
		B4051319237DA52800F8F922 /* Sources */ = {
			isa = PBXSourcesBuildPhase;
			buildActionMask = 2147483647;
			files = (
				B4051320237DA52800F8F922 /* main.c in Sources */,
			);
			runOnlyForDeploymentPostprocessing = 0;
		};
		B40513242385817F00F8F922 /* Sources */ = {
			isa = PBXSourcesBuildPhase;
			buildActionMask = 2147483647;
			files = (
				B405132B2385818000F8F922 /* main.c in Sources */,
			);
			runOnlyForDeploymentPostprocessing = 0;
		};
		B405132F2385894900F8F922 /* Sources */ = {
			isa = PBXSourcesBuildPhase;
			buildActionMask = 2147483647;
			files = (
				B40513362385894900F8F922 /* main.c in Sources */,
			);
			runOnlyForDeploymentPostprocessing = 0;
		};
		B40513452386DA8B00F8F922 /* Sources */ = {
			isa = PBXSourcesBuildPhase;
			buildActionMask = 2147483647;
			files = (
				B405134C2386DA8B00F8F922 /* main.c in Sources */,
			);
			runOnlyForDeploymentPostprocessing = 0;
		};
		B405135B2386DC1F00F8F922 /* Sources */ = {
			isa = PBXSourcesBuildPhase;
			buildActionMask = 2147483647;
			files = (
				B40513622386DC1F00F8F922 /* main.c in Sources */,
			);
			runOnlyForDeploymentPostprocessing = 0;
		};
		B48C7B0023784D5200C50104 /* Sources */ = {
			isa = PBXSourcesBuildPhase;
			buildActionMask = 2147483647;
			files = (
				B48C7B0823784D5200C50104 /* main.c in Sources */,
			);
			runOnlyForDeploymentPostprocessing = 0;
		};
		B48C7B0E23784D8D00C50104 /* Sources */ = {
			isa = PBXSourcesBuildPhase;
			buildActionMask = 2147483647;
			files = (
				B48C7B1523784D8D00C50104 /* main.c in Sources */,
			);
			runOnlyForDeploymentPostprocessing = 0;
		};
		B48C7B1923784DAB00C50104 /* Sources */ = {
			isa = PBXSourcesBuildPhase;
			buildActionMask = 2147483647;
			files = (
				B48C7B2023784DAB00C50104 /* main.c in Sources */,
			);
			runOnlyForDeploymentPostprocessing = 0;
		};
		B48C7B2423784DB600C50104 /* Sources */ = {
			isa = PBXSourcesBuildPhase;
			buildActionMask = 2147483647;
			files = (
				B48C7B2B23784DB600C50104 /* main.c in Sources */,
			);
			runOnlyForDeploymentPostprocessing = 0;
		};
		B4B4A671238D7CBB000CBE8C /* Sources */ = {
			isa = PBXSourcesBuildPhase;
			buildActionMask = 2147483647;
			files = (
				B4B4A678238D7CBB000CBE8C /* main.c in Sources */,
			);
			runOnlyForDeploymentPostprocessing = 0;
		};
		B4B4A67C238D7CCB000CBE8C /* Sources */ = {
			isa = PBXSourcesBuildPhase;
			buildActionMask = 2147483647;
			files = (
				B4B4A683238D7CCC000CBE8C /* main.c in Sources */,
			);
			runOnlyForDeploymentPostprocessing = 0;
		};
		B4B4A687238EC832000CBE8C /* Sources */ = {
			isa = PBXSourcesBuildPhase;
			buildActionMask = 2147483647;
			files = (
				B4B4A68E238EC832000CBE8C /* main.c in Sources */,
			);
			runOnlyForDeploymentPostprocessing = 0;
		};
		B4E63802237C492700F3CE08 /* Sources */ = {
			isa = PBXSourcesBuildPhase;
			buildActionMask = 2147483647;
			files = (
				B4E63809237C492700F3CE08 /* main.c in Sources */,
			);
			runOnlyForDeploymentPostprocessing = 0;
		};
		B4E6380D237C517800F3CE08 /* Sources */ = {
			isa = PBXSourcesBuildPhase;
			buildActionMask = 2147483647;
			files = (
				B4E63814237C517800F3CE08 /* main.c in Sources */,
			);
			runOnlyForDeploymentPostprocessing = 0;
		};
/* End PBXSourcesBuildPhase section */

/* Begin XCBuildConfiguration section */
		B4051322237DA52800F8F922 /* Debug */ = {
			isa = XCBuildConfiguration;
			buildSettings = {
				CODE_SIGN_STYLE = Automatic;
				PRODUCT_NAME = "$(TARGET_NAME)";
			};
			name = Debug;
		};
		B4051323237DA52800F8F922 /* Release */ = {
			isa = XCBuildConfiguration;
			buildSettings = {
				CODE_SIGN_STYLE = Automatic;
				PRODUCT_NAME = "$(TARGET_NAME)";
			};
			name = Release;
		};
		B405132C2385818000F8F922 /* Debug */ = {
			isa = XCBuildConfiguration;
			buildSettings = {
				CODE_SIGN_STYLE = Automatic;
				PRODUCT_NAME = "$(TARGET_NAME)";
			};
			name = Debug;
		};
		B405132D2385818000F8F922 /* Release */ = {
			isa = XCBuildConfiguration;
			buildSettings = {
				CODE_SIGN_STYLE = Automatic;
				PRODUCT_NAME = "$(TARGET_NAME)";
			};
			name = Release;
		};
		B40513382385894900F8F922 /* Debug */ = {
			isa = XCBuildConfiguration;
			buildSettings = {
				CODE_SIGN_STYLE = Automatic;
				PRODUCT_NAME = "$(TARGET_NAME)";
			};
			name = Debug;
		};
		B40513392385894900F8F922 /* Release */ = {
			isa = XCBuildConfiguration;
			buildSettings = {
				CODE_SIGN_STYLE = Automatic;
				PRODUCT_NAME = "$(TARGET_NAME)";
			};
			name = Release;
		};
		B405134E2386DA8B00F8F922 /* Debug */ = {
			isa = XCBuildConfiguration;
			buildSettings = {
				CODE_SIGN_STYLE = Automatic;
				PRODUCT_NAME = "$(TARGET_NAME)";
			};
			name = Debug;
		};
		B405134F2386DA8B00F8F922 /* Release */ = {
			isa = XCBuildConfiguration;
			buildSettings = {
				CODE_SIGN_STYLE = Automatic;
				PRODUCT_NAME = "$(TARGET_NAME)";
			};
			name = Release;
		};
		B40513642386DC1F00F8F922 /* Debug */ = {
			isa = XCBuildConfiguration;
			buildSettings = {
				CODE_SIGN_STYLE = Automatic;
				PRODUCT_NAME = "$(TARGET_NAME)";
			};
			name = Debug;
		};
		B40513652386DC1F00F8F922 /* Release */ = {
			isa = XCBuildConfiguration;
			buildSettings = {
				CODE_SIGN_STYLE = Automatic;
				PRODUCT_NAME = "$(TARGET_NAME)";
			};
			name = Release;
		};
		B48C7B0923784D5200C50104 /* Debug */ = {
			isa = XCBuildConfiguration;
			buildSettings = {
				ALWAYS_SEARCH_USER_PATHS = NO;
				CLANG_ANALYZER_NONNULL = YES;
				CLANG_ANALYZER_NUMBER_OBJECT_CONVERSION = YES_AGGRESSIVE;
				CLANG_CXX_LANGUAGE_STANDARD = "gnu++14";
				CLANG_CXX_LIBRARY = "libc++";
				CLANG_ENABLE_MODULES = YES;
				CLANG_ENABLE_OBJC_ARC = YES;
				CLANG_ENABLE_OBJC_WEAK = YES;
				CLANG_WARN_BLOCK_CAPTURE_AUTORELEASING = YES;
				CLANG_WARN_BOOL_CONVERSION = YES;
				CLANG_WARN_COMMA = YES;
				CLANG_WARN_CONSTANT_CONVERSION = YES;
				CLANG_WARN_DEPRECATED_OBJC_IMPLEMENTATIONS = YES;
				CLANG_WARN_DIRECT_OBJC_ISA_USAGE = YES_ERROR;
				CLANG_WARN_DOCUMENTATION_COMMENTS = YES;
				CLANG_WARN_EMPTY_BODY = YES;
				CLANG_WARN_ENUM_CONVERSION = YES;
				CLANG_WARN_INFINITE_RECURSION = YES;
				CLANG_WARN_INT_CONVERSION = YES;
				CLANG_WARN_NON_LITERAL_NULL_CONVERSION = YES;
				CLANG_WARN_OBJC_IMPLICIT_RETAIN_SELF = YES;
				CLANG_WARN_OBJC_LITERAL_CONVERSION = YES;
				CLANG_WARN_OBJC_ROOT_CLASS = YES_ERROR;
				CLANG_WARN_RANGE_LOOP_ANALYSIS = YES;
				CLANG_WARN_STRICT_PROTOTYPES = YES;
				CLANG_WARN_SUSPICIOUS_MOVE = YES;
				CLANG_WARN_UNGUARDED_AVAILABILITY = YES_AGGRESSIVE;
				CLANG_WARN_UNREACHABLE_CODE = YES;
				CLANG_WARN__DUPLICATE_METHOD_MATCH = YES;
				COPY_PHASE_STRIP = NO;
				DEBUG_INFORMATION_FORMAT = dwarf;
				ENABLE_STRICT_OBJC_MSGSEND = YES;
				ENABLE_TESTABILITY = YES;
				GCC_C_LANGUAGE_STANDARD = gnu11;
				GCC_DYNAMIC_NO_PIC = NO;
				GCC_NO_COMMON_BLOCKS = YES;
				GCC_OPTIMIZATION_LEVEL = 0;
				GCC_PREPROCESSOR_DEFINITIONS = (
					"DEBUG=1",
					"$(inherited)",
				);
				GCC_WARN_64_TO_32_BIT_CONVERSION = YES;
				GCC_WARN_ABOUT_RETURN_TYPE = YES_ERROR;
				GCC_WARN_UNDECLARED_SELECTOR = YES;
				GCC_WARN_UNINITIALIZED_AUTOS = YES_AGGRESSIVE;
				GCC_WARN_UNUSED_FUNCTION = YES;
				GCC_WARN_UNUSED_VARIABLE = YES;
				MACOSX_DEPLOYMENT_TARGET = 10.15;
				MTL_ENABLE_DEBUG_INFO = INCLUDE_SOURCE;
				MTL_FAST_MATH = YES;
				ONLY_ACTIVE_ARCH = YES;
				SDKROOT = macosx;
			};
			name = Debug;
		};
		B48C7B0A23784D5200C50104 /* Release */ = {
			isa = XCBuildConfiguration;
			buildSettings = {
				ALWAYS_SEARCH_USER_PATHS = NO;
				CLANG_ANALYZER_NONNULL = YES;
				CLANG_ANALYZER_NUMBER_OBJECT_CONVERSION = YES_AGGRESSIVE;
				CLANG_CXX_LANGUAGE_STANDARD = "gnu++14";
				CLANG_CXX_LIBRARY = "libc++";
				CLANG_ENABLE_MODULES = YES;
				CLANG_ENABLE_OBJC_ARC = YES;
				CLANG_ENABLE_OBJC_WEAK = YES;
				CLANG_WARN_BLOCK_CAPTURE_AUTORELEASING = YES;
				CLANG_WARN_BOOL_CONVERSION = YES;
				CLANG_WARN_COMMA = YES;
				CLANG_WARN_CONSTANT_CONVERSION = YES;
				CLANG_WARN_DEPRECATED_OBJC_IMPLEMENTATIONS = YES;
				CLANG_WARN_DIRECT_OBJC_ISA_USAGE = YES_ERROR;
				CLANG_WARN_DOCUMENTATION_COMMENTS = YES;
				CLANG_WARN_EMPTY_BODY = YES;
				CLANG_WARN_ENUM_CONVERSION = YES;
				CLANG_WARN_INFINITE_RECURSION = YES;
				CLANG_WARN_INT_CONVERSION = YES;
				CLANG_WARN_NON_LITERAL_NULL_CONVERSION = YES;
				CLANG_WARN_OBJC_IMPLICIT_RETAIN_SELF = YES;
				CLANG_WARN_OBJC_LITERAL_CONVERSION = YES;
				CLANG_WARN_OBJC_ROOT_CLASS = YES_ERROR;
				CLANG_WARN_RANGE_LOOP_ANALYSIS = YES;
				CLANG_WARN_STRICT_PROTOTYPES = YES;
				CLANG_WARN_SUSPICIOUS_MOVE = YES;
				CLANG_WARN_UNGUARDED_AVAILABILITY = YES_AGGRESSIVE;
				CLANG_WARN_UNREACHABLE_CODE = YES;
				CLANG_WARN__DUPLICATE_METHOD_MATCH = YES;
				COPY_PHASE_STRIP = NO;
				DEBUG_INFORMATION_FORMAT = "dwarf-with-dsym";
				ENABLE_NS_ASSERTIONS = NO;
				ENABLE_STRICT_OBJC_MSGSEND = YES;
				GCC_C_LANGUAGE_STANDARD = gnu11;
				GCC_NO_COMMON_BLOCKS = YES;
				GCC_WARN_64_TO_32_BIT_CONVERSION = YES;
				GCC_WARN_ABOUT_RETURN_TYPE = YES_ERROR;
				GCC_WARN_UNDECLARED_SELECTOR = YES;
				GCC_WARN_UNINITIALIZED_AUTOS = YES_AGGRESSIVE;
				GCC_WARN_UNUSED_FUNCTION = YES;
				GCC_WARN_UNUSED_VARIABLE = YES;
				MACOSX_DEPLOYMENT_TARGET = 10.15;
				MTL_ENABLE_DEBUG_INFO = NO;
				MTL_FAST_MATH = YES;
				SDKROOT = macosx;
			};
			name = Release;
		};
		B48C7B0C23784D5200C50104 /* Debug */ = {
			isa = XCBuildConfiguration;
			buildSettings = {
				CODE_SIGN_STYLE = Automatic;
				PRODUCT_NAME = "$(TARGET_NAME)";
			};
			name = Debug;
		};
		B48C7B0D23784D5200C50104 /* Release */ = {
			isa = XCBuildConfiguration;
			buildSettings = {
				CODE_SIGN_STYLE = Automatic;
				PRODUCT_NAME = "$(TARGET_NAME)";
			};
			name = Release;
		};
		B48C7B1723784D8D00C50104 /* Debug */ = {
			isa = XCBuildConfiguration;
			buildSettings = {
				CODE_SIGN_STYLE = Automatic;
				PRODUCT_NAME = "$(TARGET_NAME)";
			};
			name = Debug;
		};
		B48C7B1823784D8D00C50104 /* Release */ = {
			isa = XCBuildConfiguration;
			buildSettings = {
				CODE_SIGN_STYLE = Automatic;
				PRODUCT_NAME = "$(TARGET_NAME)";
			};
			name = Release;
		};
		B48C7B2223784DAB00C50104 /* Debug */ = {
			isa = XCBuildConfiguration;
			buildSettings = {
				CODE_SIGN_STYLE = Automatic;
				PRODUCT_NAME = "$(TARGET_NAME)";
			};
			name = Debug;
		};
		B48C7B2323784DAB00C50104 /* Release */ = {
			isa = XCBuildConfiguration;
			buildSettings = {
				CODE_SIGN_STYLE = Automatic;
				PRODUCT_NAME = "$(TARGET_NAME)";
			};
			name = Release;
		};
		B48C7B2D23784DB600C50104 /* Debug */ = {
			isa = XCBuildConfiguration;
			buildSettings = {
				CODE_SIGN_STYLE = Automatic;
				PRODUCT_NAME = "$(TARGET_NAME)";
			};
			name = Debug;
		};
		B48C7B2E23784DB600C50104 /* Release */ = {
			isa = XCBuildConfiguration;
			buildSettings = {
				CODE_SIGN_STYLE = Automatic;
				PRODUCT_NAME = "$(TARGET_NAME)";
			};
			name = Release;
		};
		B4B4A679238D7CBB000CBE8C /* Debug */ = {
			isa = XCBuildConfiguration;
			buildSettings = {
				CODE_SIGN_STYLE = Automatic;
				PRODUCT_NAME = "$(TARGET_NAME)";
			};
			name = Debug;
		};
		B4B4A67A238D7CBB000CBE8C /* Release */ = {
			isa = XCBuildConfiguration;
			buildSettings = {
				CODE_SIGN_STYLE = Automatic;
				PRODUCT_NAME = "$(TARGET_NAME)";
			};
			name = Release;
		};
		B4B4A685238D7CCC000CBE8C /* Debug */ = {
			isa = XCBuildConfiguration;
			buildSettings = {
				CODE_SIGN_STYLE = Automatic;
				PRODUCT_NAME = "$(TARGET_NAME)";
			};
			name = Debug;
		};
		B4B4A686238D7CCC000CBE8C /* Release */ = {
			isa = XCBuildConfiguration;
			buildSettings = {
				CODE_SIGN_STYLE = Automatic;
				PRODUCT_NAME = "$(TARGET_NAME)";
			};
			name = Release;
		};
		B4B4A68F238EC832000CBE8C /* Debug */ = {
			isa = XCBuildConfiguration;
			buildSettings = {
				CODE_SIGN_STYLE = Automatic;
				PRODUCT_NAME = "$(TARGET_NAME)";
			};
			name = Debug;
		};
		B4B4A690238EC832000CBE8C /* Release */ = {
			isa = XCBuildConfiguration;
			buildSettings = {
				CODE_SIGN_STYLE = Automatic;
				PRODUCT_NAME = "$(TARGET_NAME)";
			};
			name = Release;
		};
		B4E6380A237C492700F3CE08 /* Debug */ = {
			isa = XCBuildConfiguration;
			buildSettings = {
				CODE_SIGN_STYLE = Automatic;
				PRODUCT_NAME = "$(TARGET_NAME)";
			};
			name = Debug;
		};
		B4E6380B237C492700F3CE08 /* Release */ = {
			isa = XCBuildConfiguration;
			buildSettings = {
				CODE_SIGN_STYLE = Automatic;
				PRODUCT_NAME = "$(TARGET_NAME)";
			};
			name = Release;
		};
		B4E63816237C517800F3CE08 /* Debug */ = {
			isa = XCBuildConfiguration;
			buildSettings = {
				CODE_SIGN_STYLE = Automatic;
				PRODUCT_NAME = "$(TARGET_NAME)";
			};
			name = Debug;
		};
		B4E63817237C517800F3CE08 /* Release */ = {
			isa = XCBuildConfiguration;
			buildSettings = {
				CODE_SIGN_STYLE = Automatic;
				PRODUCT_NAME = "$(TARGET_NAME)";
			};
			name = Release;
		};
/* End XCBuildConfiguration section */

/* Begin XCConfigurationList section */
		B4051321237DA52800F8F922 /* Build configuration list for PBXNativeTarget "8逗号运算符" */ = {
			isa = XCConfigurationList;
			buildConfigurations = (
				B4051322237DA52800F8F922 /* Debug */,
				B4051323237DA52800F8F922 /* Release */,
			);
			defaultConfigurationIsVisible = 0;
			defaultConfigurationName = Release;
		};
		B405132E2385818000F8F922 /* Build configuration list for PBXNativeTarget "9关系运算符" */ = {
			isa = XCConfigurationList;
			buildConfigurations = (
				B405132C2385818000F8F922 /* Debug */,
				B405132D2385818000F8F922 /* Release */,
			);
			defaultConfigurationIsVisible = 0;
			defaultConfigurationName = Release;
		};
		B40513372385894900F8F922 /* Build configuration list for PBXNativeTarget "10逻辑运算符" */ = {
			isa = XCConfigurationList;
			buildConfigurations = (
				B40513382385894900F8F922 /* Debug */,
				B40513392385894900F8F922 /* Release */,
			);
			defaultConfigurationIsVisible = 0;
			defaultConfigurationName = Release;
		};
		B405134D2386DA8B00F8F922 /* Build configuration list for PBXNativeTarget "11三目运算符" */ = {
			isa = XCConfigurationList;
			buildConfigurations = (
				B405134E2386DA8B00F8F922 /* Debug */,
				B405134F2386DA8B00F8F922 /* Release */,
			);
			defaultConfigurationIsVisible = 0;
			defaultConfigurationName = Release;
		};
		B40513632386DC1F00F8F922 /* Build configuration list for PBXNativeTarget "12if基本概念" */ = {
			isa = XCConfigurationList;
			buildConfigurations = (
				B40513642386DC1F00F8F922 /* Debug */,
				B40513652386DC1F00F8F922 /* Release */,
			);
			defaultConfigurationIsVisible = 0;
			defaultConfigurationName = Release;
		};
		B48C7AFF23784D5200C50104 /* Build configuration list for PBXProject "day3" */ = {
			isa = XCConfigurationList;
			buildConfigurations = (
				B48C7B0923784D5200C50104 /* Debug */,
				B48C7B0A23784D5200C50104 /* Release */,
			);
			defaultConfigurationIsVisible = 0;
			defaultConfigurationName = Release;
		};
		B48C7B0B23784D5200C50104 /* Build configuration list for PBXNativeTarget "day3" */ = {
			isa = XCConfigurationList;
			buildConfigurations = (
				B48C7B0C23784D5200C50104 /* Debug */,
				B48C7B0D23784D5200C50104 /* Release */,
			);
			defaultConfigurationIsVisible = 0;
			defaultConfigurationName = Release;
		};
		B48C7B1623784D8D00C50104 /* Build configuration list for PBXNativeTarget "3算术运算符的优先级和结合性" */ = {
			isa = XCConfigurationList;
			buildConfigurations = (
				B48C7B1723784D8D00C50104 /* Debug */,
				B48C7B1823784D8D00C50104 /* Release */,
			);
			defaultConfigurationIsVisible = 0;
			defaultConfigurationName = Release;
		};
		B48C7B2123784DAB00C50104 /* Build configuration list for PBXNativeTarget "4类型转换" */ = {
			isa = XCConfigurationList;
			buildConfigurations = (
				B48C7B2223784DAB00C50104 /* Debug */,
				B48C7B2323784DAB00C50104 /* Release */,
			);
			defaultConfigurationIsVisible = 0;
			defaultConfigurationName = Release;
		};
		B48C7B2C23784DB600C50104 /* Build configuration list for PBXNativeTarget "5赋值运算符" */ = {
			isa = XCConfigurationList;
			buildConfigurations = (
				B48C7B2D23784DB600C50104 /* Debug */,
				B48C7B2E23784DB600C50104 /* Release */,
			);
			defaultConfigurationIsVisible = 0;
			defaultConfigurationName = Release;
		};
		B4B4A67B238D7CBB000CBE8C /* Build configuration list for PBXNativeTarget "13if练习" */ = {
			isa = XCConfigurationList;
			buildConfigurations = (
				B4B4A679238D7CBB000CBE8C /* Debug */,
				B4B4A67A238D7CBB000CBE8C /* Release */,
			);
			defaultConfigurationIsVisible = 0;
			defaultConfigurationName = Release;
		};
		B4B4A684238D7CCC000CBE8C /* Build configuration list for PBXNativeTarget "14石头剪刀布" */ = {
			isa = XCConfigurationList;
			buildConfigurations = (
				B4B4A685238D7CCC000CBE8C /* Debug */,
				B4B4A686238D7CCC000CBE8C /* Release */,
			);
			defaultConfigurationIsVisible = 0;
			defaultConfigurationName = Release;
		};
		B4B4A691238EC832000CBE8C /* Build configuration list for PBXNativeTarget "15if注意点" */ = {
			isa = XCConfigurationList;
			buildConfigurations = (
				B4B4A68F238EC832000CBE8C /* Debug */,
				B4B4A690238EC832000CBE8C /* Release */,
			);
			defaultConfigurationIsVisible = 0;
			defaultConfigurationName = Release;
		};
		B4E6380C237C492700F3CE08 /* Build configuration list for PBXNativeTarget "6自增自减" */ = {
			isa = XCConfigurationList;
			buildConfigurations = (
				B4E6380A237C492700F3CE08 /* Debug */,
				B4E6380B237C492700F3CE08 /* Release */,
			);
			defaultConfigurationIsVisible = 0;
			defaultConfigurationName = Release;
		};
		B4E63815237C517800F3CE08 /* Build configuration list for PBXNativeTarget "7sizeof运算符" */ = {
			isa = XCConfigurationList;
			buildConfigurations = (
				B4E63816237C517800F3CE08 /* Debug */,
				B4E63817237C517800F3CE08 /* Release */,
			);
			defaultConfigurationIsVisible = 0;
			defaultConfigurationName = Release;
		};
/* End XCConfigurationList section */
	};
	rootObject = B48C7AFC23784D5200C50104 /* Project object */;
}
