// !$*UTF8*$!
{
	archiveVersion = 1;
	classes = {
	};
	objectVersion = 50;
	objects = {

/* Begin PBXBuildFile section */
		5F7C868D25384CF300734047 /* main.c in Sources */ = {isa = PBXBuildFile; fileRef = 5F7C868C25384CF300734047 /* main.c */; };
		5F7C869D2538505500734047 /* main.c in Sources */ = {isa = PBXBuildFile; fileRef = 5F7C869C2538505500734047 /* main.c */; };
		5F7C86AE25393FB600734047 /* main.c in Sources */ = {isa = PBXBuildFile; fileRef = 5F7C86AD25393FB600734047 /* main.c */; };
		5F7C86C025397E7300734047 /* main.c in Sources */ = {isa = PBXBuildFile; fileRef = 5F7C86BF25397E7300734047 /* main.c */; };
		5F7C86D32539852800734047 /* main.c in Sources */ = {isa = PBXBuildFile; fileRef = 5F7C86D22539852800734047 /* main.c */; };
		5F7C86E725398FF200734047 /* main.c in Sources */ = {isa = PBXBuildFile; fileRef = 5F7C86E625398FF200734047 /* main.c */; };
		5F7C86FC2539A50B00734047 /* main.c in Sources */ = {isa = PBXBuildFile; fileRef = 5F7C86FB2539A50B00734047 /* main.c */; };
		5F9A03EE2521CE3A0085986D /* main.c in Sources */ = {isa = PBXBuildFile; fileRef = 5F9A03ED2521CE3A0085986D /* main.c */; };
		5F9A03FC2521D6DA0085986D /* main.c in Sources */ = {isa = PBXBuildFile; fileRef = 5F9A03FB2521D6DA0085986D /* main.c */; };
		5FB6FF49252097D800237CA4 /* main.m in Sources */ = {isa = PBXBuildFile; fileRef = 5FB6FF48252097D800237CA4 /* main.m */; };
		B4B4A6FE238ED023000CBE8C /* main.c in Sources */ = {isa = PBXBuildFile; fileRef = B4B4A6FD238ED023000CBE8C /* main.c */; };
/* End PBXBuildFile section */

/* Begin PBXCopyFilesBuildPhase section */
		5F7C868825384CF300734047 /* CopyFiles */ = {
			isa = PBXCopyFilesBuildPhase;
			buildActionMask = 2147483647;
			dstPath = /usr/share/man/man1/;
			dstSubfolderSpec = 0;
			files = (
			);
			runOnlyForDeploymentPostprocessing = 1;
		};
		5F7C86982538505500734047 /* CopyFiles */ = {
			isa = PBXCopyFilesBuildPhase;
			buildActionMask = 2147483647;
			dstPath = /usr/share/man/man1/;
			dstSubfolderSpec = 0;
			files = (
			);
			runOnlyForDeploymentPostprocessing = 1;
		};
		5F7C86A925393FB600734047 /* CopyFiles */ = {
			isa = PBXCopyFilesBuildPhase;
			buildActionMask = 2147483647;
			dstPath = /usr/share/man/man1/;
			dstSubfolderSpec = 0;
			files = (
			);
			runOnlyForDeploymentPostprocessing = 1;
		};
		5F7C86BB25397E7300734047 /* CopyFiles */ = {
			isa = PBXCopyFilesBuildPhase;
			buildActionMask = 2147483647;
			dstPath = /usr/share/man/man1/;
			dstSubfolderSpec = 0;
			files = (
			);
			runOnlyForDeploymentPostprocessing = 1;
		};
		5F7C86CE2539852800734047 /* CopyFiles */ = {
			isa = PBXCopyFilesBuildPhase;
			buildActionMask = 2147483647;
			dstPath = /usr/share/man/man1/;
			dstSubfolderSpec = 0;
			files = (
			);
			runOnlyForDeploymentPostprocessing = 1;
		};
		5F7C86E225398FF200734047 /* CopyFiles */ = {
			isa = PBXCopyFilesBuildPhase;
			buildActionMask = 2147483647;
			dstPath = /usr/share/man/man1/;
			dstSubfolderSpec = 0;
			files = (
			);
			runOnlyForDeploymentPostprocessing = 1;
		};
		5F7C86F72539A50B00734047 /* CopyFiles */ = {
			isa = PBXCopyFilesBuildPhase;
			buildActionMask = 2147483647;
			dstPath = /usr/share/man/man1/;
			dstSubfolderSpec = 0;
			files = (
			);
			runOnlyForDeploymentPostprocessing = 1;
		};
		5F9A03E92521CE3A0085986D /* CopyFiles */ = {
			isa = PBXCopyFilesBuildPhase;
			buildActionMask = 2147483647;
			dstPath = /usr/share/man/man1/;
			dstSubfolderSpec = 0;
			files = (
			);
			runOnlyForDeploymentPostprocessing = 1;
		};
		5F9A03F72521D6DA0085986D /* CopyFiles */ = {
			isa = PBXCopyFilesBuildPhase;
			buildActionMask = 2147483647;
			dstPath = /usr/share/man/man1/;
			dstSubfolderSpec = 0;
			files = (
			);
			runOnlyForDeploymentPostprocessing = 1;
		};
		5FB6FF44252097D800237CA4 /* CopyFiles */ = {
			isa = PBXCopyFilesBuildPhase;
			buildActionMask = 2147483647;
			dstPath = /usr/share/man/man1/;
			dstSubfolderSpec = 0;
			files = (
			);
			runOnlyForDeploymentPostprocessing = 1;
		};
		B4B4A6F8238ED023000CBE8C /* CopyFiles */ = {
			isa = PBXCopyFilesBuildPhase;
			buildActionMask = 2147483647;
			dstPath = /usr/share/man/man1/;
			dstSubfolderSpec = 0;
			files = (
			);
			runOnlyForDeploymentPostprocessing = 1;
		};
/* End PBXCopyFilesBuildPhase section */

/* Begin PBXFileReference section */
		5F7C868A25384CF300734047 /* 结构体的定义方式 */ = {isa = PBXFileReference; explicitFileType = "compiled.mach-o.executable"; includeInIndex = 0; path = "结构体的定义方式"; sourceTree = BUILT_PRODUCTS_DIR; };
		5F7C868C25384CF300734047 /* main.c */ = {isa = PBXFileReference; lastKnownFileType = sourcecode.c.c; path = main.c; sourceTree = "<group>"; };
		5F7C869A2538505500734047 /* 结构体类型的作用域 */ = {isa = PBXFileReference; explicitFileType = "compiled.mach-o.executable"; includeInIndex = 0; path = "结构体类型的作用域"; sourceTree = BUILT_PRODUCTS_DIR; };
		5F7C869C2538505500734047 /* main.c */ = {isa = PBXFileReference; lastKnownFileType = sourcecode.c.c; path = main.c; sourceTree = "<group>"; };
		5F7C86AB25393FB600734047 /* 指向结构体的指针 */ = {isa = PBXFileReference; explicitFileType = "compiled.mach-o.executable"; includeInIndex = 0; path = "指向结构体的指针"; sourceTree = BUILT_PRODUCTS_DIR; };
		5F7C86AD25393FB600734047 /* main.c */ = {isa = PBXFileReference; lastKnownFileType = sourcecode.c.c; path = main.c; sourceTree = "<group>"; };
		5F7C86BD25397E7300734047 /* 结构体数组 */ = {isa = PBXFileReference; explicitFileType = "compiled.mach-o.executable"; includeInIndex = 0; path = "结构体数组"; sourceTree = BUILT_PRODUCTS_DIR; };
		5F7C86BF25397E7300734047 /* main.c */ = {isa = PBXFileReference; lastKnownFileType = sourcecode.c.c; path = main.c; sourceTree = "<group>"; };
		5F7C86D02539852800734047 /* 结构体的嵌套定义 */ = {isa = PBXFileReference; explicitFileType = "compiled.mach-o.executable"; includeInIndex = 0; path = "结构体的嵌套定义"; sourceTree = BUILT_PRODUCTS_DIR; };
		5F7C86D22539852800734047 /* main.c */ = {isa = PBXFileReference; lastKnownFileType = sourcecode.c.c; path = main.c; sourceTree = "<group>"; };
		5F7C86E425398FF200734047 /* 结构体和函数 */ = {isa = PBXFileReference; explicitFileType = "compiled.mach-o.executable"; includeInIndex = 0; path = "结构体和函数"; sourceTree = BUILT_PRODUCTS_DIR; };
		5F7C86E625398FF200734047 /* main.c */ = {isa = PBXFileReference; lastKnownFileType = sourcecode.c.c; path = main.c; sourceTree = "<group>"; };
		5F7C86F92539A50B00734047 /* 枚举的基本概念 */ = {isa = PBXFileReference; explicitFileType = "compiled.mach-o.executable"; includeInIndex = 0; path = "枚举的基本概念"; sourceTree = BUILT_PRODUCTS_DIR; };
		5F7C86FB2539A50B00734047 /* main.c */ = {isa = PBXFileReference; lastKnownFileType = sourcecode.c.c; path = main.c; sourceTree = "<group>"; };
		5F9A03EB2521CE3A0085986D /* 结构体的初始化 */ = {isa = PBXFileReference; explicitFileType = "compiled.mach-o.executable"; includeInIndex = 0; path = "结构体的初始化"; sourceTree = BUILT_PRODUCTS_DIR; };
		5F9A03ED2521CE3A0085986D /* main.c */ = {isa = PBXFileReference; lastKnownFileType = sourcecode.c.c; path = main.c; sourceTree = "<group>"; };
		5F9A03F92521D6DA0085986D /* 结构体在内存中的存储细节 */ = {isa = PBXFileReference; explicitFileType = "compiled.mach-o.executable"; includeInIndex = 0; path = "结构体在内存中的存储细节"; sourceTree = BUILT_PRODUCTS_DIR; };
		5F9A03FB2521D6DA0085986D /* main.c */ = {isa = PBXFileReference; lastKnownFileType = sourcecode.c.c; path = main.c; sourceTree = "<group>"; };
		5FB6FF46252097D800237CA4 /* 结构体基本概念 */ = {isa = PBXFileReference; explicitFileType = "compiled.mach-o.executable"; includeInIndex = 0; path = "结构体基本概念"; sourceTree = BUILT_PRODUCTS_DIR; };
		5FB6FF48252097D800237CA4 /* main.m */ = {isa = PBXFileReference; lastKnownFileType = sourcecode.c.objc; path = main.m; sourceTree = "<group>"; };
		B4B4A6FA238ED023000CBE8C /* day9 */ = {isa = PBXFileReference; explicitFileType = "compiled.mach-o.executable"; includeInIndex = 0; path = day9; sourceTree = BUILT_PRODUCTS_DIR; };
		B4B4A6FD238ED023000CBE8C /* main.c */ = {isa = PBXFileReference; lastKnownFileType = sourcecode.c.c; path = main.c; sourceTree = "<group>"; };
/* End PBXFileReference section */

/* Begin PBXFrameworksBuildPhase section */
		5F7C868725384CF300734047 /* Frameworks */ = {
			isa = PBXFrameworksBuildPhase;
			buildActionMask = 2147483647;
			files = (
			);
			runOnlyForDeploymentPostprocessing = 0;
		};
		5F7C86972538505500734047 /* Frameworks */ = {
			isa = PBXFrameworksBuildPhase;
			buildActionMask = 2147483647;
			files = (
			);
			runOnlyForDeploymentPostprocessing = 0;
		};
		5F7C86A825393FB600734047 /* Frameworks */ = {
			isa = PBXFrameworksBuildPhase;
			buildActionMask = 2147483647;
			files = (
			);
			runOnlyForDeploymentPostprocessing = 0;
		};
		5F7C86BA25397E7300734047 /* Frameworks */ = {
			isa = PBXFrameworksBuildPhase;
			buildActionMask = 2147483647;
			files = (
			);
			runOnlyForDeploymentPostprocessing = 0;
		};
		5F7C86CD2539852800734047 /* Frameworks */ = {
			isa = PBXFrameworksBuildPhase;
			buildActionMask = 2147483647;
			files = (
			);
			runOnlyForDeploymentPostprocessing = 0;
		};
		5F7C86E125398FF200734047 /* Frameworks */ = {
			isa = PBXFrameworksBuildPhase;
			buildActionMask = 2147483647;
			files = (
			);
			runOnlyForDeploymentPostprocessing = 0;
		};
		5F7C86F62539A50B00734047 /* Frameworks */ = {
			isa = PBXFrameworksBuildPhase;
			buildActionMask = 2147483647;
			files = (
			);
			runOnlyForDeploymentPostprocessing = 0;
		};
		5F9A03E82521CE3A0085986D /* Frameworks */ = {
			isa = PBXFrameworksBuildPhase;
			buildActionMask = 2147483647;
			files = (
			);
			runOnlyForDeploymentPostprocessing = 0;
		};
		5F9A03F62521D6DA0085986D /* Frameworks */ = {
			isa = PBXFrameworksBuildPhase;
			buildActionMask = 2147483647;
			files = (
			);
			runOnlyForDeploymentPostprocessing = 0;
		};
		5FB6FF43252097D800237CA4 /* Frameworks */ = {
			isa = PBXFrameworksBuildPhase;
			buildActionMask = 2147483647;
			files = (
			);
			runOnlyForDeploymentPostprocessing = 0;
		};
		B4B4A6F7238ED023000CBE8C /* Frameworks */ = {
			isa = PBXFrameworksBuildPhase;
			buildActionMask = 2147483647;
			files = (
			);
			runOnlyForDeploymentPostprocessing = 0;
		};
/* End PBXFrameworksBuildPhase section */

/* Begin PBXGroup section */
		5F7C868B25384CF300734047 /* 结构体的定义方式 */ = {
			isa = PBXGroup;
			children = (
				5F7C868C25384CF300734047 /* main.c */,
			);
			path = "结构体的定义方式";
			sourceTree = "<group>";
		};
		5F7C869B2538505500734047 /* 结构体类型的作用域 */ = {
			isa = PBXGroup;
			children = (
				5F7C869C2538505500734047 /* main.c */,
			);
			path = "结构体类型的作用域";
			sourceTree = "<group>";
		};
		5F7C86AC25393FB600734047 /* 指向结构体的指针 */ = {
			isa = PBXGroup;
			children = (
				5F7C86AD25393FB600734047 /* main.c */,
			);
			path = "指向结构体的指针";
			sourceTree = "<group>";
		};
		5F7C86BE25397E7300734047 /* 结构体数组 */ = {
			isa = PBXGroup;
			children = (
				5F7C86BF25397E7300734047 /* main.c */,
			);
			path = "结构体数组";
			sourceTree = "<group>";
		};
		5F7C86D12539852800734047 /* 结构体的嵌套定义 */ = {
			isa = PBXGroup;
			children = (
				5F7C86D22539852800734047 /* main.c */,
			);
			path = "结构体的嵌套定义";
			sourceTree = "<group>";
		};
		5F7C86E525398FF200734047 /* 结构体和函数 */ = {
			isa = PBXGroup;
			children = (
				5F7C86E625398FF200734047 /* main.c */,
			);
			path = "结构体和函数";
			sourceTree = "<group>";
		};
		5F7C86FA2539A50B00734047 /* 枚举的基本概念 */ = {
			isa = PBXGroup;
			children = (
				5F7C86FB2539A50B00734047 /* main.c */,
			);
			path = "枚举的基本概念";
			sourceTree = "<group>";
		};
		5F9A03EC2521CE3A0085986D /* 结构体的初始化 */ = {
			isa = PBXGroup;
			children = (
				5F9A03ED2521CE3A0085986D /* main.c */,
			);
			path = "结构体的初始化";
			sourceTree = "<group>";
		};
		5F9A03FA2521D6DA0085986D /* 结构体在内存中的存储细节 */ = {
			isa = PBXGroup;
			children = (
				5F9A03FB2521D6DA0085986D /* main.c */,
			);
			path = "结构体在内存中的存储细节";
			sourceTree = "<group>";
		};
		5FB6FF47252097D800237CA4 /* 结构体基本概念 */ = {
			isa = PBXGroup;
			children = (
				5FB6FF48252097D800237CA4 /* main.m */,
			);
			path = "结构体基本概念";
			sourceTree = "<group>";
		};
		B4B4A6F1238ED023000CBE8C = {
			isa = PBXGroup;
			children = (
				B4B4A6FC238ED023000CBE8C /* day9 */,
				5FB6FF47252097D800237CA4 /* 结构体基本概念 */,
				5F9A03EC2521CE3A0085986D /* 结构体的初始化 */,
				5F9A03FA2521D6DA0085986D /* 结构体在内存中的存储细节 */,
				5F7C868B25384CF300734047 /* 结构体的定义方式 */,
				5F7C869B2538505500734047 /* 结构体类型的作用域 */,
				5F7C86AC25393FB600734047 /* 指向结构体的指针 */,
				5F7C86BE25397E7300734047 /* 结构体数组 */,
				5F7C86D12539852800734047 /* 结构体的嵌套定义 */,
				5F7C86E525398FF200734047 /* 结构体和函数 */,
				5F7C86FA2539A50B00734047 /* 枚举的基本概念 */,
				B4B4A6FB238ED023000CBE8C /* Products */,
			);
			sourceTree = "<group>";
		};
		B4B4A6FB238ED023000CBE8C /* Products */ = {
			isa = PBXGroup;
			children = (
				B4B4A6FA238ED023000CBE8C /* day9 */,
				5FB6FF46252097D800237CA4 /* 结构体基本概念 */,
				5F9A03EB2521CE3A0085986D /* 结构体的初始化 */,
				5F9A03F92521D6DA0085986D /* 结构体在内存中的存储细节 */,
				5F7C868A25384CF300734047 /* 结构体的定义方式 */,
				5F7C869A2538505500734047 /* 结构体类型的作用域 */,
				5F7C86AB25393FB600734047 /* 指向结构体的指针 */,
				5F7C86BD25397E7300734047 /* 结构体数组 */,
				5F7C86D02539852800734047 /* 结构体的嵌套定义 */,
				5F7C86E425398FF200734047 /* 结构体和函数 */,
				5F7C86F92539A50B00734047 /* 枚举的基本概念 */,
			);
			name = Products;
			sourceTree = "<group>";
		};
		B4B4A6FC238ED023000CBE8C /* day9 */ = {
			isa = PBXGroup;
			children = (
				B4B4A6FD238ED023000CBE8C /* main.c */,
			);
			path = day9;
			sourceTree = "<group>";
		};
/* End PBXGroup section */

/* Begin PBXNativeTarget section */
		5F7C868925384CF300734047 /* 结构体的定义方式 */ = {
			isa = PBXNativeTarget;
			buildConfigurationList = 5F7C869025384CF300734047 /* Build configuration list for PBXNativeTarget "结构体的定义方式" */;
			buildPhases = (
				5F7C868625384CF300734047 /* Sources */,
				5F7C868725384CF300734047 /* Frameworks */,
				5F7C868825384CF300734047 /* CopyFiles */,
			);
			buildRules = (
			);
			dependencies = (
			);
			name = "结构体的定义方式";
			productName = "结构体的定义方式";
			productReference = 5F7C868A25384CF300734047 /* 结构体的定义方式 */;
			productType = "com.apple.product-type.tool";
		};
		5F7C86992538505500734047 /* 结构体类型的作用域 */ = {
			isa = PBXNativeTarget;
			buildConfigurationList = 5F7C869E2538505500734047 /* Build configuration list for PBXNativeTarget "结构体类型的作用域" */;
			buildPhases = (
				5F7C86962538505500734047 /* Sources */,
				5F7C86972538505500734047 /* Frameworks */,
				5F7C86982538505500734047 /* CopyFiles */,
			);
			buildRules = (
			);
			dependencies = (
			);
			name = "结构体类型的作用域";
			productName = "结构体类型的作用域";
			productReference = 5F7C869A2538505500734047 /* 结构体类型的作用域 */;
			productType = "com.apple.product-type.tool";
		};
		5F7C86AA25393FB600734047 /* 指向结构体的指针 */ = {
			isa = PBXNativeTarget;
			buildConfigurationList = 5F7C86B125393FB600734047 /* Build configuration list for PBXNativeTarget "指向结构体的指针" */;
			buildPhases = (
				5F7C86A725393FB600734047 /* Sources */,
				5F7C86A825393FB600734047 /* Frameworks */,
				5F7C86A925393FB600734047 /* CopyFiles */,
			);
			buildRules = (
			);
			dependencies = (
			);
			name = "指向结构体的指针";
			productName = "指向结构体的指针";
			productReference = 5F7C86AB25393FB600734047 /* 指向结构体的指针 */;
			productType = "com.apple.product-type.tool";
		};
		5F7C86BC25397E7300734047 /* 结构体数组 */ = {
			isa = PBXNativeTarget;
			buildConfigurationList = 5F7C86C125397E7300734047 /* Build configuration list for PBXNativeTarget "结构体数组" */;
			buildPhases = (
				5F7C86B925397E7300734047 /* Sources */,
				5F7C86BA25397E7300734047 /* Frameworks */,
				5F7C86BB25397E7300734047 /* CopyFiles */,
			);
			buildRules = (
			);
			dependencies = (
			);
			name = "结构体数组";
			productName = "结构体数组";
			productReference = 5F7C86BD25397E7300734047 /* 结构体数组 */;
			productType = "com.apple.product-type.tool";
		};
		5F7C86CF2539852800734047 /* 结构体的嵌套定义 */ = {
			isa = PBXNativeTarget;
			buildConfigurationList = 5F7C86D42539852800734047 /* Build configuration list for PBXNativeTarget "结构体的嵌套定义" */;
			buildPhases = (
				5F7C86CC2539852800734047 /* Sources */,
				5F7C86CD2539852800734047 /* Frameworks */,
				5F7C86CE2539852800734047 /* CopyFiles */,
			);
			buildRules = (
			);
			dependencies = (
			);
			name = "结构体的嵌套定义";
			productName = "结构体的嵌套定义";
			productReference = 5F7C86D02539852800734047 /* 结构体的嵌套定义 */;
			productType = "com.apple.product-type.tool";
		};
		5F7C86E325398FF200734047 /* 结构体和函数 */ = {
			isa = PBXNativeTarget;
			buildConfigurationList = 5F7C86E825398FF200734047 /* Build configuration list for PBXNativeTarget "结构体和函数" */;
			buildPhases = (
				5F7C86E025398FF200734047 /* Sources */,
				5F7C86E125398FF200734047 /* Frameworks */,
				5F7C86E225398FF200734047 /* CopyFiles */,
			);
			buildRules = (
			);
			dependencies = (
			);
			name = "结构体和函数";
			productName = "结构体和函数";
			productReference = 5F7C86E425398FF200734047 /* 结构体和函数 */;
			productType = "com.apple.product-type.tool";
		};
		5F7C86F82539A50B00734047 /* 枚举的基本概念 */ = {
			isa = PBXNativeTarget;
			buildConfigurationList = 5F7C86FD2539A50B00734047 /* Build configuration list for PBXNativeTarget "枚举的基本概念" */;
			buildPhases = (
				5F7C86F52539A50B00734047 /* Sources */,
				5F7C86F62539A50B00734047 /* Frameworks */,
				5F7C86F72539A50B00734047 /* CopyFiles */,
			);
			buildRules = (
			);
			dependencies = (
			);
			name = "枚举的基本概念";
			productName = "枚举的基本概念";
			productReference = 5F7C86F92539A50B00734047 /* 枚举的基本概念 */;
			productType = "com.apple.product-type.tool";
		};
		5F9A03EA2521CE3A0085986D /* 结构体的初始化 */ = {
			isa = PBXNativeTarget;
			buildConfigurationList = 5F9A03F12521CE3A0085986D /* Build configuration list for PBXNativeTarget "结构体的初始化" */;
			buildPhases = (
				5F9A03E72521CE3A0085986D /* Sources */,
				5F9A03E82521CE3A0085986D /* Frameworks */,
				5F9A03E92521CE3A0085986D /* CopyFiles */,
			);
			buildRules = (
			);
			dependencies = (
			);
			name = "结构体的初始化";
			productName = "结构体的初始化";
			productReference = 5F9A03EB2521CE3A0085986D /* 结构体的初始化 */;
			productType = "com.apple.product-type.tool";
		};
		5F9A03F82521D6DA0085986D /* 结构体在内存中的存储细节 */ = {
			isa = PBXNativeTarget;
			buildConfigurationList = 5F9A03FD2521D6DA0085986D /* Build configuration list for PBXNativeTarget "结构体在内存中的存储细节" */;
			buildPhases = (
				5F9A03F52521D6DA0085986D /* Sources */,
				5F9A03F62521D6DA0085986D /* Frameworks */,
				5F9A03F72521D6DA0085986D /* CopyFiles */,
			);
			buildRules = (
			);
			dependencies = (
			);
			name = "结构体在内存中的存储细节";
			productName = "结构体在内存中的存储细节";
			productReference = 5F9A03F92521D6DA0085986D /* 结构体在内存中的存储细节 */;
			productType = "com.apple.product-type.tool";
		};
		5FB6FF45252097D800237CA4 /* 结构体基本概念 */ = {
			isa = PBXNativeTarget;
			buildConfigurationList = 5FB6FF4C252097D800237CA4 /* Build configuration list for PBXNativeTarget "结构体基本概念" */;
			buildPhases = (
				5FB6FF42252097D800237CA4 /* Sources */,
				5FB6FF43252097D800237CA4 /* Frameworks */,
				5FB6FF44252097D800237CA4 /* CopyFiles */,
			);
			buildRules = (
			);
			dependencies = (
			);
			name = "结构体基本概念";
			productName = "结构体基本概念";
			productReference = 5FB6FF46252097D800237CA4 /* 结构体基本概念 */;
			productType = "com.apple.product-type.tool";
		};
		B4B4A6F9238ED023000CBE8C /* day9 */ = {
			isa = PBXNativeTarget;
			buildConfigurationList = B4B4A701238ED023000CBE8C /* Build configuration list for PBXNativeTarget "day9" */;
			buildPhases = (
				B4B4A6F6238ED023000CBE8C /* Sources */,
				B4B4A6F7238ED023000CBE8C /* Frameworks */,
				B4B4A6F8238ED023000CBE8C /* CopyFiles */,
			);
			buildRules = (
			);
			dependencies = (
			);
			name = day9;
			productName = day9;
			productReference = B4B4A6FA238ED023000CBE8C /* day9 */;
			productType = "com.apple.product-type.tool";
		};
/* End PBXNativeTarget section */

/* Begin PBXProject section */
		B4B4A6F2238ED023000CBE8C /* Project object */ = {
			isa = PBXProject;
			attributes = {
				LastUpgradeCheck = 1120;
				ORGANIZATIONNAME = "Shannon MYang";
				TargetAttributes = {
					5F7C868925384CF300734047 = {
						CreatedOnToolsVersion = 12.0.1;
					};
					5F7C86992538505500734047 = {
						CreatedOnToolsVersion = 12.0.1;
					};
					5F7C86AA25393FB600734047 = {
						CreatedOnToolsVersion = 12.0.1;
					};
					5F7C86BC25397E7300734047 = {
						CreatedOnToolsVersion = 12.0.1;
					};
					5F7C86CF2539852800734047 = {
						CreatedOnToolsVersion = 12.0.1;
					};
					5F7C86E325398FF200734047 = {
						CreatedOnToolsVersion = 12.0.1;
					};
					5F7C86F82539A50B00734047 = {
						CreatedOnToolsVersion = 12.0.1;
					};
					5F9A03EA2521CE3A0085986D = {
						CreatedOnToolsVersion = 12.0.1;
					};
					5F9A03F82521D6DA0085986D = {
						CreatedOnToolsVersion = 12.0.1;
					};
					5FB6FF45252097D800237CA4 = {
						CreatedOnToolsVersion = 12.0.1;
					};
					B4B4A6F9238ED023000CBE8C = {
						CreatedOnToolsVersion = 11.2.1;
					};
				};
			};
			buildConfigurationList = B4B4A6F5238ED023000CBE8C /* Build configuration list for PBXProject "day9" */;
			compatibilityVersion = "Xcode 9.3";
			developmentRegion = en;
			hasScannedForEncodings = 0;
			knownRegions = (
				en,
				Base,
			);
			mainGroup = B4B4A6F1238ED023000CBE8C;
			productRefGroup = B4B4A6FB238ED023000CBE8C /* Products */;
			projectDirPath = "";
			projectRoot = "";
			targets = (
				B4B4A6F9238ED023000CBE8C /* day9 */,
				5FB6FF45252097D800237CA4 /* 结构体基本概念 */,
				5F9A03EA2521CE3A0085986D /* 结构体的初始化 */,
				5F9A03F82521D6DA0085986D /* 结构体在内存中的存储细节 */,
				5F7C868925384CF300734047 /* 结构体的定义方式 */,
				5F7C86992538505500734047 /* 结构体类型的作用域 */,
				5F7C86AA25393FB600734047 /* 指向结构体的指针 */,
				5F7C86BC25397E7300734047 /* 结构体数组 */,
				5F7C86CF2539852800734047 /* 结构体的嵌套定义 */,
				5F7C86E325398FF200734047 /* 结构体和函数 */,
				5F7C86F82539A50B00734047 /* 枚举的基本概念 */,
			);
		};
/* End PBXProject section */

/* Begin PBXSourcesBuildPhase section */
		5F7C868625384CF300734047 /* Sources */ = {
			isa = PBXSourcesBuildPhase;
			buildActionMask = 2147483647;
			files = (
				5F7C868D25384CF300734047 /* main.c in Sources */,
			);
			runOnlyForDeploymentPostprocessing = 0;
		};
		5F7C86962538505500734047 /* Sources */ = {
			isa = PBXSourcesBuildPhase;
			buildActionMask = 2147483647;
			files = (
				5F7C869D2538505500734047 /* main.c in Sources */,
			);
			runOnlyForDeploymentPostprocessing = 0;
		};
		5F7C86A725393FB600734047 /* Sources */ = {
			isa = PBXSourcesBuildPhase;
			buildActionMask = 2147483647;
			files = (
				5F7C86AE25393FB600734047 /* main.c in Sources */,
			);
			runOnlyForDeploymentPostprocessing = 0;
		};
		5F7C86B925397E7300734047 /* Sources */ = {
			isa = PBXSourcesBuildPhase;
			buildActionMask = 2147483647;
			files = (
				5F7C86C025397E7300734047 /* main.c in Sources */,
			);
			runOnlyForDeploymentPostprocessing = 0;
		};
		5F7C86CC2539852800734047 /* Sources */ = {
			isa = PBXSourcesBuildPhase;
			buildActionMask = 2147483647;
			files = (
				5F7C86D32539852800734047 /* main.c in Sources */,
			);
			runOnlyForDeploymentPostprocessing = 0;
		};
		5F7C86E025398FF200734047 /* Sources */ = {
			isa = PBXSourcesBuildPhase;
			buildActionMask = 2147483647;
			files = (
				5F7C86E725398FF200734047 /* main.c in Sources */,
			);
			runOnlyForDeploymentPostprocessing = 0;
		};
		5F7C86F52539A50B00734047 /* Sources */ = {
			isa = PBXSourcesBuildPhase;
			buildActionMask = 2147483647;
			files = (
				5F7C86FC2539A50B00734047 /* main.c in Sources */,
			);
			runOnlyForDeploymentPostprocessing = 0;
		};
		5F9A03E72521CE3A0085986D /* Sources */ = {
			isa = PBXSourcesBuildPhase;
			buildActionMask = 2147483647;
			files = (
				5F9A03EE2521CE3A0085986D /* main.c in Sources */,
			);
			runOnlyForDeploymentPostprocessing = 0;
		};
		5F9A03F52521D6DA0085986D /* Sources */ = {
			isa = PBXSourcesBuildPhase;
			buildActionMask = 2147483647;
			files = (
				5F9A03FC2521D6DA0085986D /* main.c in Sources */,
			);
			runOnlyForDeploymentPostprocessing = 0;
		};
		5FB6FF42252097D800237CA4 /* Sources */ = {
			isa = PBXSourcesBuildPhase;
			buildActionMask = 2147483647;
			files = (
				5FB6FF49252097D800237CA4 /* main.m in Sources */,
			);
			runOnlyForDeploymentPostprocessing = 0;
		};
		B4B4A6F6238ED023000CBE8C /* Sources */ = {
			isa = PBXSourcesBuildPhase;
			buildActionMask = 2147483647;
			files = (
				B4B4A6FE238ED023000CBE8C /* main.c in Sources */,
			);
			runOnlyForDeploymentPostprocessing = 0;
		};
/* End PBXSourcesBuildPhase section */

/* Begin XCBuildConfiguration section */
		5F7C868E25384CF300734047 /* Debug */ = {
			isa = XCBuildConfiguration;
			buildSettings = {
				CLANG_WARN_QUOTED_INCLUDE_IN_FRAMEWORK_HEADER = YES;
				CODE_SIGN_STYLE = Automatic;
				PRODUCT_NAME = "$(TARGET_NAME)";
			};
			name = Debug;
		};
		5F7C868F25384CF300734047 /* Release */ = {
			isa = XCBuildConfiguration;
			buildSettings = {
				CLANG_WARN_QUOTED_INCLUDE_IN_FRAMEWORK_HEADER = YES;
				CODE_SIGN_STYLE = Automatic;
				PRODUCT_NAME = "$(TARGET_NAME)";
			};
			name = Release;
		};
		5F7C869F2538505500734047 /* Debug */ = {
			isa = XCBuildConfiguration;
			buildSettings = {
				CLANG_WARN_QUOTED_INCLUDE_IN_FRAMEWORK_HEADER = YES;
				CODE_SIGN_STYLE = Automatic;
				PRODUCT_NAME = "$(TARGET_NAME)";
			};
			name = Debug;
		};
		5F7C86A02538505500734047 /* Release */ = {
			isa = XCBuildConfiguration;
			buildSettings = {
				CLANG_WARN_QUOTED_INCLUDE_IN_FRAMEWORK_HEADER = YES;
				CODE_SIGN_STYLE = Automatic;
				PRODUCT_NAME = "$(TARGET_NAME)";
			};
			name = Release;
		};
		5F7C86AF25393FB600734047 /* Debug */ = {
			isa = XCBuildConfiguration;
			buildSettings = {
				CLANG_WARN_QUOTED_INCLUDE_IN_FRAMEWORK_HEADER = YES;
				CODE_SIGN_STYLE = Automatic;
				PRODUCT_NAME = "$(TARGET_NAME)";
			};
			name = Debug;
		};
		5F7C86B025393FB600734047 /* Release */ = {
			isa = XCBuildConfiguration;
			buildSettings = {
				CLANG_WARN_QUOTED_INCLUDE_IN_FRAMEWORK_HEADER = YES;
				CODE_SIGN_STYLE = Automatic;
				PRODUCT_NAME = "$(TARGET_NAME)";
			};
			name = Release;
		};
		5F7C86C225397E7300734047 /* Debug */ = {
			isa = XCBuildConfiguration;
			buildSettings = {
				CLANG_WARN_QUOTED_INCLUDE_IN_FRAMEWORK_HEADER = YES;
				CODE_SIGN_STYLE = Automatic;
				PRODUCT_NAME = "$(TARGET_NAME)";
			};
			name = Debug;
		};
		5F7C86C325397E7300734047 /* Release */ = {
			isa = XCBuildConfiguration;
			buildSettings = {
				CLANG_WARN_QUOTED_INCLUDE_IN_FRAMEWORK_HEADER = YES;
				CODE_SIGN_STYLE = Automatic;
				PRODUCT_NAME = "$(TARGET_NAME)";
			};
			name = Release;
		};
		5F7C86D52539852800734047 /* Debug */ = {
			isa = XCBuildConfiguration;
			buildSettings = {
				CLANG_WARN_QUOTED_INCLUDE_IN_FRAMEWORK_HEADER = YES;
				CODE_SIGN_STYLE = Automatic;
				PRODUCT_NAME = "$(TARGET_NAME)";
			};
			name = Debug;
		};
		5F7C86D62539852800734047 /* Release */ = {
			isa = XCBuildConfiguration;
			buildSettings = {
				CLANG_WARN_QUOTED_INCLUDE_IN_FRAMEWORK_HEADER = YES;
				CODE_SIGN_STYLE = Automatic;
				PRODUCT_NAME = "$(TARGET_NAME)";
			};
			name = Release;
		};
		5F7C86E925398FF200734047 /* Debug */ = {
			isa = XCBuildConfiguration;
			buildSettings = {
				CLANG_WARN_QUOTED_INCLUDE_IN_FRAMEWORK_HEADER = YES;
				CODE_SIGN_STYLE = Automatic;
				PRODUCT_NAME = "$(TARGET_NAME)";
			};
			name = Debug;
		};
		5F7C86EA25398FF200734047 /* Release */ = {
			isa = XCBuildConfiguration;
			buildSettings = {
				CLANG_WARN_QUOTED_INCLUDE_IN_FRAMEWORK_HEADER = YES;
				CODE_SIGN_STYLE = Automatic;
				PRODUCT_NAME = "$(TARGET_NAME)";
			};
			name = Release;
		};
		5F7C86FE2539A50B00734047 /* Debug */ = {
			isa = XCBuildConfiguration;
			buildSettings = {
				CLANG_WARN_QUOTED_INCLUDE_IN_FRAMEWORK_HEADER = YES;
				CODE_SIGN_STYLE = Automatic;
				PRODUCT_NAME = "$(TARGET_NAME)";
			};
			name = Debug;
		};
		5F7C86FF2539A50B00734047 /* Release */ = {
			isa = XCBuildConfiguration;
			buildSettings = {
				CLANG_WARN_QUOTED_INCLUDE_IN_FRAMEWORK_HEADER = YES;
				CODE_SIGN_STYLE = Automatic;
				PRODUCT_NAME = "$(TARGET_NAME)";
			};
			name = Release;
		};
		5F9A03EF2521CE3A0085986D /* Debug */ = {
			isa = XCBuildConfiguration;
			buildSettings = {
				CLANG_WARN_QUOTED_INCLUDE_IN_FRAMEWORK_HEADER = YES;
				CODE_SIGN_STYLE = Automatic;
				PRODUCT_NAME = "$(TARGET_NAME)";
			};
			name = Debug;
		};
		5F9A03F02521CE3A0085986D /* Release */ = {
			isa = XCBuildConfiguration;
			buildSettings = {
				CLANG_WARN_QUOTED_INCLUDE_IN_FRAMEWORK_HEADER = YES;
				CODE_SIGN_STYLE = Automatic;
				PRODUCT_NAME = "$(TARGET_NAME)";
			};
			name = Release;
		};
		5F9A03FE2521D6DA0085986D /* Debug */ = {
			isa = XCBuildConfiguration;
			buildSettings = {
				CLANG_WARN_QUOTED_INCLUDE_IN_FRAMEWORK_HEADER = YES;
				CODE_SIGN_STYLE = Automatic;
				PRODUCT_NAME = "$(TARGET_NAME)";
			};
			name = Debug;
		};
		5F9A03FF2521D6DA0085986D /* Release */ = {
			isa = XCBuildConfiguration;
			buildSettings = {
				CLANG_WARN_QUOTED_INCLUDE_IN_FRAMEWORK_HEADER = YES;
				CODE_SIGN_STYLE = Automatic;
				PRODUCT_NAME = "$(TARGET_NAME)";
			};
			name = Release;
		};
		5FB6FF4A252097D800237CA4 /* Debug */ = {
			isa = XCBuildConfiguration;
			buildSettings = {
				CLANG_WARN_QUOTED_INCLUDE_IN_FRAMEWORK_HEADER = YES;
				CODE_SIGN_STYLE = Automatic;
				PRODUCT_NAME = "$(TARGET_NAME)";
			};
			name = Debug;
		};
		5FB6FF4B252097D800237CA4 /* Release */ = {
			isa = XCBuildConfiguration;
			buildSettings = {
				CLANG_WARN_QUOTED_INCLUDE_IN_FRAMEWORK_HEADER = YES;
				CODE_SIGN_STYLE = Automatic;
				PRODUCT_NAME = "$(TARGET_NAME)";
			};
			name = Release;
		};
		B4B4A6FF238ED023000CBE8C /* Debug */ = {
			isa = XCBuildConfiguration;
			buildSettings = {
				ALWAYS_SEARCH_USER_PATHS = NO;
				CLANG_ANALYZER_NONNULL = YES;
				CLANG_ANALYZER_NUMBER_OBJECT_CONVERSION = YES_AGGRESSIVE;
				CLANG_CXX_LANGUAGE_STANDARD = "gnu++14";
				CLANG_CXX_LIBRARY = "libc++";
				CLANG_ENABLE_MODULES = YES;
				CLANG_ENABLE_OBJC_ARC = YES;
				CLANG_ENABLE_OBJC_WEAK = YES;
				CLANG_WARN_BLOCK_CAPTURE_AUTORELEASING = YES;
				CLANG_WARN_BOOL_CONVERSION = YES;
				CLANG_WARN_COMMA = YES;
				CLANG_WARN_CONSTANT_CONVERSION = YES;
				CLANG_WARN_DEPRECATED_OBJC_IMPLEMENTATIONS = YES;
				CLANG_WARN_DIRECT_OBJC_ISA_USAGE = YES_ERROR;
				CLANG_WARN_DOCUMENTATION_COMMENTS = YES;
				CLANG_WARN_EMPTY_BODY = YES;
				CLANG_WARN_ENUM_CONVERSION = YES;
				CLANG_WARN_INFINITE_RECURSION = YES;
				CLANG_WARN_INT_CONVERSION = YES;
				CLANG_WARN_NON_LITERAL_NULL_CONVERSION = YES;
				CLANG_WARN_OBJC_IMPLICIT_RETAIN_SELF = YES;
				CLANG_WARN_OBJC_LITERAL_CONVERSION = YES;
				CLANG_WARN_OBJC_ROOT_CLASS = YES_ERROR;
				CLANG_WARN_RANGE_LOOP_ANALYSIS = YES;
				CLANG_WARN_STRICT_PROTOTYPES = YES;
				CLANG_WARN_SUSPICIOUS_MOVE = YES;
				CLANG_WARN_UNGUARDED_AVAILABILITY = YES_AGGRESSIVE;
				CLANG_WARN_UNREACHABLE_CODE = YES;
				CLANG_WARN__DUPLICATE_METHOD_MATCH = YES;
				COPY_PHASE_STRIP = NO;
				DEBUG_INFORMATION_FORMAT = dwarf;
				ENABLE_STRICT_OBJC_MSGSEND = YES;
				ENABLE_TESTABILITY = YES;
				GCC_C_LANGUAGE_STANDARD = gnu11;
				GCC_DYNAMIC_NO_PIC = NO;
				GCC_NO_COMMON_BLOCKS = YES;
				GCC_OPTIMIZATION_LEVEL = 0;
				GCC_PREPROCESSOR_DEFINITIONS = (
					"DEBUG=1",
					"$(inherited)",
				);
				GCC_WARN_64_TO_32_BIT_CONVERSION = YES;
				GCC_WARN_ABOUT_RETURN_TYPE = YES_ERROR;
				GCC_WARN_UNDECLARED_SELECTOR = YES;
				GCC_WARN_UNINITIALIZED_AUTOS = YES_AGGRESSIVE;
				GCC_WARN_UNUSED_FUNCTION = YES;
				GCC_WARN_UNUSED_VARIABLE = YES;
				MACOSX_DEPLOYMENT_TARGET = 10.15;
				MTL_ENABLE_DEBUG_INFO = INCLUDE_SOURCE;
				MTL_FAST_MATH = YES;
				ONLY_ACTIVE_ARCH = YES;
				SDKROOT = macosx;
			};
			name = Debug;
		};
		B4B4A700238ED023000CBE8C /* Release */ = {
			isa = XCBuildConfiguration;
			buildSettings = {
				ALWAYS_SEARCH_USER_PATHS = NO;
				CLANG_ANALYZER_NONNULL = YES;
				CLANG_ANALYZER_NUMBER_OBJECT_CONVERSION = YES_AGGRESSIVE;
				CLANG_CXX_LANGUAGE_STANDARD = "gnu++14";
				CLANG_CXX_LIBRARY = "libc++";
				CLANG_ENABLE_MODULES = YES;
				CLANG_ENABLE_OBJC_ARC = YES;
				CLANG_ENABLE_OBJC_WEAK = YES;
				CLANG_WARN_BLOCK_CAPTURE_AUTORELEASING = YES;
				CLANG_WARN_BOOL_CONVERSION = YES;
				CLANG_WARN_COMMA = YES;
				CLANG_WARN_CONSTANT_CONVERSION = YES;
				CLANG_WARN_DEPRECATED_OBJC_IMPLEMENTATIONS = YES;
				CLANG_WARN_DIRECT_OBJC_ISA_USAGE = YES_ERROR;
				CLANG_WARN_DOCUMENTATION_COMMENTS = YES;
				CLANG_WARN_EMPTY_BODY = YES;
				CLANG_WARN_ENUM_CONVERSION = YES;
				CLANG_WARN_INFINITE_RECURSION = YES;
				CLANG_WARN_INT_CONVERSION = YES;
				CLANG_WARN_NON_LITERAL_NULL_CONVERSION = YES;
				CLANG_WARN_OBJC_IMPLICIT_RETAIN_SELF = YES;
				CLANG_WARN_OBJC_LITERAL_CONVERSION = YES;
				CLANG_WARN_OBJC_ROOT_CLASS = YES_ERROR;
				CLANG_WARN_RANGE_LOOP_ANALYSIS = YES;
				CLANG_WARN_STRICT_PROTOTYPES = YES;
				CLANG_WARN_SUSPICIOUS_MOVE = YES;
				CLANG_WARN_UNGUARDED_AVAILABILITY = YES_AGGRESSIVE;
				CLANG_WARN_UNREACHABLE_CODE = YES;
				CLANG_WARN__DUPLICATE_METHOD_MATCH = YES;
				COPY_PHASE_STRIP = NO;
				DEBUG_INFORMATION_FORMAT = "dwarf-with-dsym";
				ENABLE_NS_ASSERTIONS = NO;
				ENABLE_STRICT_OBJC_MSGSEND = YES;
				GCC_C_LANGUAGE_STANDARD = gnu11;
				GCC_NO_COMMON_BLOCKS = YES;
				GCC_WARN_64_TO_32_BIT_CONVERSION = YES;
				GCC_WARN_ABOUT_RETURN_TYPE = YES_ERROR;
				GCC_WARN_UNDECLARED_SELECTOR = YES;
				GCC_WARN_UNINITIALIZED_AUTOS = YES_AGGRESSIVE;
				GCC_WARN_UNUSED_FUNCTION = YES;
				GCC_WARN_UNUSED_VARIABLE = YES;
				MACOSX_DEPLOYMENT_TARGET = 10.15;
				MTL_ENABLE_DEBUG_INFO = NO;
				MTL_FAST_MATH = YES;
				SDKROOT = macosx;
			};
			name = Release;
		};
		B4B4A702238ED023000CBE8C /* Debug */ = {
			isa = XCBuildConfiguration;
			buildSettings = {
				CODE_SIGN_STYLE = Automatic;
				PRODUCT_NAME = "$(TARGET_NAME)";
			};
			name = Debug;
		};
		B4B4A703238ED023000CBE8C /* Release */ = {
			isa = XCBuildConfiguration;
			buildSettings = {
				CODE_SIGN_STYLE = Automatic;
				PRODUCT_NAME = "$(TARGET_NAME)";
			};
			name = Release;
		};
/* End XCBuildConfiguration section */

/* Begin XCConfigurationList section */
		5F7C869025384CF300734047 /* Build configuration list for PBXNativeTarget "结构体的定义方式" */ = {
			isa = XCConfigurationList;
			buildConfigurations = (
				5F7C868E25384CF300734047 /* Debug */,
				5F7C868F25384CF300734047 /* Release */,
			);
			defaultConfigurationIsVisible = 0;
			defaultConfigurationName = Release;
		};
		5F7C869E2538505500734047 /* Build configuration list for PBXNativeTarget "结构体类型的作用域" */ = {
			isa = XCConfigurationList;
			buildConfigurations = (
				5F7C869F2538505500734047 /* Debug */,
				5F7C86A02538505500734047 /* Release */,
			);
			defaultConfigurationIsVisible = 0;
			defaultConfigurationName = Release;
		};
		5F7C86B125393FB600734047 /* Build configuration list for PBXNativeTarget "指向结构体的指针" */ = {
			isa = XCConfigurationList;
			buildConfigurations = (
				5F7C86AF25393FB600734047 /* Debug */,
				5F7C86B025393FB600734047 /* Release */,
			);
			defaultConfigurationIsVisible = 0;
			defaultConfigurationName = Release;
		};
		5F7C86C125397E7300734047 /* Build configuration list for PBXNativeTarget "结构体数组" */ = {
			isa = XCConfigurationList;
			buildConfigurations = (
				5F7C86C225397E7300734047 /* Debug */,
				5F7C86C325397E7300734047 /* Release */,
			);
			defaultConfigurationIsVisible = 0;
			defaultConfigurationName = Release;
		};
		5F7C86D42539852800734047 /* Build configuration list for PBXNativeTarget "结构体的嵌套定义" */ = {
			isa = XCConfigurationList;
			buildConfigurations = (
				5F7C86D52539852800734047 /* Debug */,
				5F7C86D62539852800734047 /* Release */,
			);
			defaultConfigurationIsVisible = 0;
			defaultConfigurationName = Release;
		};
		5F7C86E825398FF200734047 /* Build configuration list for PBXNativeTarget "结构体和函数" */ = {
			isa = XCConfigurationList;
			buildConfigurations = (
				5F7C86E925398FF200734047 /* Debug */,
				5F7C86EA25398FF200734047 /* Release */,
			);
			defaultConfigurationIsVisible = 0;
			defaultConfigurationName = Release;
		};
		5F7C86FD2539A50B00734047 /* Build configuration list for PBXNativeTarget "枚举的基本概念" */ = {
			isa = XCConfigurationList;
			buildConfigurations = (
				5F7C86FE2539A50B00734047 /* Debug */,
				5F7C86FF2539A50B00734047 /* Release */,
			);
			defaultConfigurationIsVisible = 0;
			defaultConfigurationName = Release;
		};
		5F9A03F12521CE3A0085986D /* Build configuration list for PBXNativeTarget "结构体的初始化" */ = {
			isa = XCConfigurationList;
			buildConfigurations = (
				5F9A03EF2521CE3A0085986D /* Debug */,
				5F9A03F02521CE3A0085986D /* Release */,
			);
			defaultConfigurationIsVisible = 0;
			defaultConfigurationName = Release;
		};
		5F9A03FD2521D6DA0085986D /* Build configuration list for PBXNativeTarget "结构体在内存中的存储细节" */ = {
			isa = XCConfigurationList;
			buildConfigurations = (
				5F9A03FE2521D6DA0085986D /* Debug */,
				5F9A03FF2521D6DA0085986D /* Release */,
			);
			defaultConfigurationIsVisible = 0;
			defaultConfigurationName = Release;
		};
		5FB6FF4C252097D800237CA4 /* Build configuration list for PBXNativeTarget "结构体基本概念" */ = {
			isa = XCConfigurationList;
			buildConfigurations = (
				5FB6FF4A252097D800237CA4 /* Debug */,
				5FB6FF4B252097D800237CA4 /* Release */,
			);
			defaultConfigurationIsVisible = 0;
			defaultConfigurationName = Release;
		};
		B4B4A6F5238ED023000CBE8C /* Build configuration list for PBXProject "day9" */ = {
			isa = XCConfigurationList;
			buildConfigurations = (
				B4B4A6FF238ED023000CBE8C /* Debug */,
				B4B4A700238ED023000CBE8C /* Release */,
			);
			defaultConfigurationIsVisible = 0;
			defaultConfigurationName = Release;
		};
		B4B4A701238ED023000CBE8C /* Build configuration list for PBXNativeTarget "day9" */ = {
			isa = XCConfigurationList;
			buildConfigurations = (
				B4B4A702238ED023000CBE8C /* Debug */,
				B4B4A703238ED023000CBE8C /* Release */,
			);
			defaultConfigurationIsVisible = 0;
			defaultConfigurationName = Release;
		};
/* End XCConfigurationList section */
	};
	rootObject = B4B4A6F2238ED023000CBE8C /* Project object */;
}
